// !$*UTF8*$!
{
	archiveVersion = 1;
	classes = {
	};
	objectVersion = 54;
	objects = {

/* Begin PBXBuildFile section */
		1B0B82F8E58A096FBA0FB9CC /* (null) in Frameworks */ = {isa = PBXBuildFile; };
		3B1BE6F72AA9A467000B7962 /* TxPushIPConfig.swift in Sources */ = {isa = PBXBuildFile; fileRef = 3B1BE6F62AA9A467000B7962 /* TxPushIPConfig.swift */; };
		3B1F43EF2AE0B01E00A610BA /* Params.swift in Sources */ = {isa = PBXBuildFile; fileRef = 3B1F43EE2AE0B01E00A610BA /* Params.swift */; };
		3B49B7152AA9B0A20026D36D /* AttachCallMessage.swift in Sources */ = {isa = PBXBuildFile; fileRef = 3B49B7142AA9B0A20026D36D /* AttachCallMessage.swift */; };
		3B72695D2A9396BF00D2A602 /* DisablePushMessage.swift in Sources */ = {isa = PBXBuildFile; fileRef = 3B72695C2A9396BF00D2A602 /* DisablePushMessage.swift */; };
		3B758F1A2BF44D7800D50069 /* PrivacyInfo.xcprivacy in Resources */ = {isa = PBXBuildFile; fileRef = 3B758F192BF44D7800D50069 /* PrivacyInfo.xcprivacy */; };
		3B91C0F52BE3A44600A03067 /* PrivacyInfo.xcprivacy in Resources */ = {isa = PBXBuildFile; fileRef = 3B91C0F42BE3A44600A03067 /* PrivacyInfo.xcprivacy */; };
		3BF1D5842BEB7B8F0097453F /* TelnyxRTC.podspec in Resources */ = {isa = PBXBuildFile; fileRef = 3BF1D5832BEB7B8F0097453F /* TelnyxRTC.podspec */; };
		9578D6261E82279EDEDFA516 /* Pods_TelnyxWebRTCDemo.framework in Frameworks */ = {isa = PBXBuildFile; fileRef = A7CE9BEFEDE503E7BC7BE3C8 /* Pods_TelnyxWebRTCDemo.framework */; };
		AE43DF75B2F7AE413F1EE1B0 /* Pods_TelnyxRTC.framework in Frameworks */ = {isa = PBXBuildFile; fileRef = 8A11DAA0171B02D67683620E /* Pods_TelnyxRTC.framework */; };
		B309D13D25EF119E00A2AADF /* Starscream.framework in Frameworks */ = {isa = PBXBuildFile; fileRef = B309D11125EF107F00A2AADF /* Starscream.framework */; };
		B309D1D625F020B300A2AADF /* Message.swift in Sources */ = {isa = PBXBuildFile; fileRef = B309D1D525F020B300A2AADF /* Message.swift */; };
		B309D1DB25F020D400A2AADF /* Method.swift in Sources */ = {isa = PBXBuildFile; fileRef = B309D1DA25F020D400A2AADF /* Method.swift */; };
		B309D1E425F0240200A2AADF /* TxConfig.swift in Sources */ = {isa = PBXBuildFile; fileRef = B309D1E325F0240200A2AADF /* TxConfig.swift */; };
		B309D1EC25F024B900A2AADF /* LoginMessage.swift in Sources */ = {isa = PBXBuildFile; fileRef = B309D1EB25F024B900A2AADF /* LoginMessage.swift */; };
		B309D1FD25F0291100A2AADF /* UISettingsView.xib in Resources */ = {isa = PBXBuildFile; fileRef = B309D1FC25F0291100A2AADF /* UISettingsView.xib */; };
		B309D20225F0291B00A2AADF /* UISettingsView.swift in Sources */ = {isa = PBXBuildFile; fileRef = B309D20125F0291B00A2AADF /* UISettingsView.swift */; };
		B309D22925F06C6900A2AADF /* Call.swift in Sources */ = {isa = PBXBuildFile; fileRef = B309D22825F06C6900A2AADF /* Call.swift */; };
		B309D23125F06CA800A2AADF /* Peer.swift in Sources */ = {isa = PBXBuildFile; fileRef = B309D23025F06CA800A2AADF /* Peer.swift */; };
		B309D23625F06D2100A2AADF /* TxCallInfo.swift in Sources */ = {isa = PBXBuildFile; fileRef = B309D23525F06D2100A2AADF /* TxCallInfo.swift */; };
		B309D23B25F06DC000A2AADF /* TxCallOptions.swift in Sources */ = {isa = PBXBuildFile; fileRef = B309D23A25F06DC000A2AADF /* TxCallOptions.swift */; };
		B309D24025F06EA600A2AADF /* InviteMessage.swift in Sources */ = {isa = PBXBuildFile; fileRef = B309D23F25F06EA600A2AADF /* InviteMessage.swift */; };
		B309D24E25F0717B00A2AADF /* UICallScreen.xib in Resources */ = {isa = PBXBuildFile; fileRef = B309D24D25F0717B00A2AADF /* UICallScreen.xib */; };
		B309D25325F071DD00A2AADF /* UICallScreen.swift in Sources */ = {isa = PBXBuildFile; fileRef = B309D25225F071DD00A2AADF /* UICallScreen.swift */; };
		B309D26225F1574C00A2AADF /* (null) in Frameworks */ = {isa = PBXBuildFile; };
		B309D26325F1574C00A2AADF /* (null) in Embed Frameworks */ = {isa = PBXBuildFile; settings = {ATTRIBUTES = (CodeSignOnCopy, RemoveHeadersOnCopy, ); }; };
		B309D27B25F17C1700A2AADF /* UIIncomingCallView.swift in Sources */ = {isa = PBXBuildFile; fileRef = B309D27925F17C1700A2AADF /* UIIncomingCallView.swift */; };
		B309D27C25F17C1700A2AADF /* UIIncomingCallView.xib in Resources */ = {isa = PBXBuildFile; fileRef = B309D27A25F17C1700A2AADF /* UIIncomingCallView.xib */; };
		B309D28225F1838700A2AADF /* ByeMessage.swift in Sources */ = {isa = PBXBuildFile; fileRef = B309D28125F1838700A2AADF /* ByeMessage.swift */; };
		B309D28625F184A100A2AADF /* AnswerMessage.swift in Sources */ = {isa = PBXBuildFile; fileRef = B309D28525F184A100A2AADF /* AnswerMessage.swift */; };
		B32AE8B326CD4F9200C7C6F4 /* TxServerConfiguration.swift in Sources */ = {isa = PBXBuildFile; fileRef = B32AE8B226CD4F9200C7C6F4 /* TxServerConfiguration.swift */; };
		B32AE8BB26D6952500C7C6F4 /* AppDelegateCallKitExtension.swift in Sources */ = {isa = PBXBuildFile; fileRef = B32AE8BA26D6952500C7C6F4 /* AppDelegateCallKitExtension.swift */; };
		B32AE8BF26D6D69E00C7C6F4 /* ViewControllerVoIPExtension.swift in Sources */ = {isa = PBXBuildFile; fileRef = B32AE8BE26D6D69E00C7C6F4 /* ViewControllerVoIPExtension.swift */; };
		B366D3FB26150D1100156FE1 /* StringExtension.swift in Sources */ = {isa = PBXBuildFile; fileRef = B366D3FA26150D1100156FE1 /* StringExtension.swift */; };
		B368BEC525EDDB610032AE52 /* TelnyxRTC.h in Headers */ = {isa = PBXBuildFile; fileRef = B368BEC325EDDB610032AE52 /* TelnyxRTC.h */; settings = {ATTRIBUTES = (Public, ); }; };
		B368BED425EDDBC90032AE52 /* TelnyxRTCTests.swift in Sources */ = {isa = PBXBuildFile; fileRef = B368BED325EDDBC90032AE52 /* TelnyxRTCTests.swift */; };
		B368BED625EDDBC90032AE52 /* TelnyxRTC.framework in Frameworks */ = {isa = PBXBuildFile; fileRef = B368BEC025EDDB610032AE52 /* TelnyxRTC.framework */; };
		B368BEE125EDDC7D0032AE52 /* TxClient.swift in Sources */ = {isa = PBXBuildFile; fileRef = B368BEE025EDDC7D0032AE52 /* TxClient.swift */; };
		B368BEEB25EDDD060032AE52 /* AppDelegate.swift in Sources */ = {isa = PBXBuildFile; fileRef = B368BEEA25EDDD060032AE52 /* AppDelegate.swift */; };
		B368BEEF25EDDD060032AE52 /* ViewController.swift in Sources */ = {isa = PBXBuildFile; fileRef = B368BEEE25EDDD060032AE52 /* ViewController.swift */; };
		B368BEF225EDDD060032AE52 /* Main.storyboard in Resources */ = {isa = PBXBuildFile; fileRef = B368BEF025EDDD060032AE52 /* Main.storyboard */; };
		B368BEF425EDDD070032AE52 /* Assets.xcassets in Resources */ = {isa = PBXBuildFile; fileRef = B368BEF325EDDD070032AE52 /* Assets.xcassets */; };
		B368BEF725EDDD070032AE52 /* LaunchScreen.storyboard in Resources */ = {isa = PBXBuildFile; fileRef = B368BEF525EDDD070032AE52 /* LaunchScreen.storyboard */; };
		B36FC8C02612794A00A30BC4 /* Logger.swift in Sources */ = {isa = PBXBuildFile; fileRef = B36FC8BF2612794A00A30BC4 /* Logger.swift */; };
		B39121AF25FFCE680051E076 /* TxError.swift in Sources */ = {isa = PBXBuildFile; fileRef = B39121AE25FFCE680051E076 /* TxError.swift */; };
		B39121E72600F7B10051E076 /* VertoMessagesTests.swift in Sources */ = {isa = PBXBuildFile; fileRef = B39121E62600F7B10051E076 /* VertoMessagesTests.swift */; };
		B39121ED2602F22F0051E076 /* SocketTests.swift in Sources */ = {isa = PBXBuildFile; fileRef = B39121EC2602F22F0051E076 /* SocketTests.swift */; };
		B391220C2604D9C50051E076 /* PeerConnectionTests.swift in Sources */ = {isa = PBXBuildFile; fileRef = B391220B2604D9C50051E076 /* PeerConnectionTests.swift */; };
		B39122122604FBC00051E076 /* TestConstants.swift in Sources */ = {isa = PBXBuildFile; fileRef = B39122112604FBC00051E076 /* TestConstants.swift */; };
		B3912220260502650051E076 /* CallTests.swift in Sources */ = {isa = PBXBuildFile; fileRef = B391221F260502650051E076 /* CallTests.swift */; };
		B3912264260F6A050051E076 /* TelnyxRTCMulticallTests.swift in Sources */ = {isa = PBXBuildFile; fileRef = B3912263260F6A050051E076 /* TelnyxRTCMulticallTests.swift */; };
		B3A1555928767E2D00C70528 /* RTCTestDelegate.swift in Sources */ = {isa = PBXBuildFile; fileRef = B3A1555828767E2D00C70528 /* RTCTestDelegate.swift */; };
		B3A728BC2643537E003F3844 /* README.md in Resources */ = {isa = PBXBuildFile; fileRef = B3A728BB2643537E003F3844 /* README.md */; };
		B3AF248025EE7B1F0062EDA9 /* TxClientDelegate.swift in Sources */ = {isa = PBXBuildFile; fileRef = B3AF247F25EE7B1F0062EDA9 /* TxClientDelegate.swift */; };
		B3AF248425EE7B6A0062EDA9 /* InternalConfig.swift in Sources */ = {isa = PBXBuildFile; fileRef = B3AF248325EE7B6A0062EDA9 /* InternalConfig.swift */; };
		B3AF248B25EE7C350062EDA9 /* Socket.swift in Sources */ = {isa = PBXBuildFile; fileRef = B3AF248A25EE7C350062EDA9 /* Socket.swift */; };
		B3AF249825EE7DC70062EDA9 /* SocketDelegate.swift in Sources */ = {isa = PBXBuildFile; fileRef = B3AF249725EE7DC70062EDA9 /* SocketDelegate.swift */; };
		B3AF24AA25EE84570062EDA9 /* UIViewControllerExtension.swift in Sources */ = {isa = PBXBuildFile; fileRef = B3AF24A925EE84570062EDA9 /* UIViewControllerExtension.swift */; };
		B3B1D9A126542860008D28C9 /* TxPushConfig.swift in Sources */ = {isa = PBXBuildFile; fileRef = B3B1D9A026542860008D28C9 /* TxPushConfig.swift */; };
		B3B1D9A426545807008D28C9 /* UserDefaultExtension.swift in Sources */ = {isa = PBXBuildFile; fileRef = B3B1D9A326545807008D28C9 /* UserDefaultExtension.swift */; };
		B3B8F53726E7D4EF0007B583 /* AppDelegateTelnyxVoIPExtension.swift in Sources */ = {isa = PBXBuildFile; fileRef = B3B8F53626E7D4EF0007B583 /* AppDelegateTelnyxVoIPExtension.swift */; };
		B3BB8FA026BC076000DDCB84 /* GatewayMessage.swift in Sources */ = {isa = PBXBuildFile; fileRef = B3BB8F9F26BC076000DDCB84 /* GatewayMessage.swift */; };
		B3C008B226C1B2C5003E7AE3 /* LoadingView.swift in Sources */ = {isa = PBXBuildFile; fileRef = B3C008B126C1B2C5003E7AE3 /* LoadingView.swift */; };
		B3E0B0662656ED73005E7431 /* InfoMessage.swift in Sources */ = {isa = PBXBuildFile; fileRef = B3E0B0652656ED73005E7431 /* InfoMessage.swift */; };
		B3E1029A25F2C16500227DCE /* ModifyMessage.swift in Sources */ = {isa = PBXBuildFile; fileRef = B3E1029925F2C16500227DCE /* ModifyMessage.swift */; };
		B3E1033225F7F94900227DCE /* incoming_call.mp3 in Resources */ = {isa = PBXBuildFile; fileRef = B3E1033025F7F94900227DCE /* incoming_call.mp3 */; };
		B3E1033325F7F94900227DCE /* ringback_tone.mp3 in Resources */ = {isa = PBXBuildFile; fileRef = B3E1033125F7F94900227DCE /* ringback_tone.mp3 */; };
		F1213C92A3E9EC2593B0F1F2 /* Pods_TelnyxRTC_TelnyxRTCTests.framework in Frameworks */ = {isa = PBXBuildFile; fileRef = 65B0B19B5206EECCAE2E29CA /* Pods_TelnyxRTC_TelnyxRTCTests.framework */; };
/* End PBXBuildFile section */

/* Begin PBXContainerItemProxy section */
		B368BED725EDDBC90032AE52 /* PBXContainerItemProxy */ = {
			isa = PBXContainerItemProxy;
			containerPortal = B368BEB725EDDB610032AE52 /* Project object */;
			proxyType = 1;
			remoteGlobalIDString = B368BEBF25EDDB610032AE52;
			remoteInfo = WebRTCSDK;
		};
/* End PBXContainerItemProxy section */

/* Begin PBXCopyFilesBuildPhase section */
		B309D26425F1574C00A2AADF /* Embed Frameworks */ = {
			isa = PBXCopyFilesBuildPhase;
			buildActionMask = 2147483647;
			dstPath = "";
			dstSubfolderSpec = 10;
			files = (
				B309D26325F1574C00A2AADF /* (null) in Embed Frameworks */,
			);
			name = "Embed Frameworks";
			runOnlyForDeploymentPostprocessing = 0;
		};
/* End PBXCopyFilesBuildPhase section */

/* Begin PBXFileReference section */
		00B066EA7AECA1E61F1CC13D /* Pods-TelnyxRTC-TelnyxRTCTests.debug.xcconfig */ = {isa = PBXFileReference; includeInIndex = 1; lastKnownFileType = text.xcconfig; name = "Pods-TelnyxRTC-TelnyxRTCTests.debug.xcconfig"; path = "Target Support Files/Pods-TelnyxRTC-TelnyxRTCTests/Pods-TelnyxRTC-TelnyxRTCTests.debug.xcconfig"; sourceTree = "<group>"; };
		064620D5372C98975322D84C /* Pods-TelnyxRTC.release.xcconfig */ = {isa = PBXFileReference; includeInIndex = 1; lastKnownFileType = text.xcconfig; name = "Pods-TelnyxRTC.release.xcconfig"; path = "Target Support Files/Pods-TelnyxRTC/Pods-TelnyxRTC.release.xcconfig"; sourceTree = "<group>"; };
		0BC0EF15A80C9BA767873075 /* Pods-TelnyxWebRTCDemo.debug.xcconfig */ = {isa = PBXFileReference; includeInIndex = 1; lastKnownFileType = text.xcconfig; name = "Pods-TelnyxWebRTCDemo.debug.xcconfig"; path = "Target Support Files/Pods-TelnyxWebRTCDemo/Pods-TelnyxWebRTCDemo.debug.xcconfig"; sourceTree = "<group>"; };
		3B1BE6F62AA9A467000B7962 /* TxPushIPConfig.swift */ = {isa = PBXFileReference; lastKnownFileType = sourcecode.swift; path = TxPushIPConfig.swift; sourceTree = "<group>"; };
		3B1F43EE2AE0B01E00A610BA /* Params.swift */ = {isa = PBXFileReference; lastKnownFileType = sourcecode.swift; path = Params.swift; sourceTree = "<group>"; };
		3B49B7142AA9B0A20026D36D /* AttachCallMessage.swift */ = {isa = PBXFileReference; lastKnownFileType = sourcecode.swift; path = AttachCallMessage.swift; sourceTree = "<group>"; };
		3B72695C2A9396BF00D2A602 /* DisablePushMessage.swift */ = {isa = PBXFileReference; lastKnownFileType = sourcecode.swift; path = DisablePushMessage.swift; sourceTree = "<group>"; };
		3B758F192BF44D7800D50069 /* PrivacyInfo.xcprivacy */ = {isa = PBXFileReference; lastKnownFileType = text.xml; path = PrivacyInfo.xcprivacy; sourceTree = "<group>"; };
		3B91C0F42BE3A44600A03067 /* PrivacyInfo.xcprivacy */ = {isa = PBXFileReference; lastKnownFileType = text.xml; path = PrivacyInfo.xcprivacy; sourceTree = "<group>"; };
		3BF1D5832BEB7B8F0097453F /* TelnyxRTC.podspec */ = {isa = PBXFileReference; fileEncoding = 4; lastKnownFileType = text; path = TelnyxRTC.podspec; sourceTree = "<group>"; };
		3F6CE2F8F9D0DBE4DA219605 /* Pods-TelnyxRTC-TelnyxRTCTests.release.xcconfig */ = {isa = PBXFileReference; includeInIndex = 1; lastKnownFileType = text.xcconfig; name = "Pods-TelnyxRTC-TelnyxRTCTests.release.xcconfig"; path = "Target Support Files/Pods-TelnyxRTC-TelnyxRTCTests/Pods-TelnyxRTC-TelnyxRTCTests.release.xcconfig"; sourceTree = "<group>"; };
		4DE56344987C90A16F102652 /* Pods-TelnyxWebRTCDemo.release.xcconfig */ = {isa = PBXFileReference; includeInIndex = 1; lastKnownFileType = text.xcconfig; name = "Pods-TelnyxWebRTCDemo.release.xcconfig"; path = "Target Support Files/Pods-TelnyxWebRTCDemo/Pods-TelnyxWebRTCDemo.release.xcconfig"; sourceTree = "<group>"; };
		65B0B19B5206EECCAE2E29CA /* Pods_TelnyxRTC_TelnyxRTCTests.framework */ = {isa = PBXFileReference; explicitFileType = wrapper.framework; includeInIndex = 0; path = Pods_TelnyxRTC_TelnyxRTCTests.framework; sourceTree = BUILT_PRODUCTS_DIR; };
		711958501DD45FDFBD112FC6 /* Pods-TelnyxRTC.debug.xcconfig */ = {isa = PBXFileReference; includeInIndex = 1; lastKnownFileType = text.xcconfig; name = "Pods-TelnyxRTC.debug.xcconfig"; path = "Target Support Files/Pods-TelnyxRTC/Pods-TelnyxRTC.debug.xcconfig"; sourceTree = "<group>"; };
		8A11DAA0171B02D67683620E /* Pods_TelnyxRTC.framework */ = {isa = PBXFileReference; explicitFileType = wrapper.framework; includeInIndex = 0; path = Pods_TelnyxRTC.framework; sourceTree = BUILT_PRODUCTS_DIR; };
		A7CE9BEFEDE503E7BC7BE3C8 /* Pods_TelnyxWebRTCDemo.framework */ = {isa = PBXFileReference; explicitFileType = wrapper.framework; includeInIndex = 0; path = Pods_TelnyxWebRTCDemo.framework; sourceTree = BUILT_PRODUCTS_DIR; };
		B309D11125EF107F00A2AADF /* Starscream.framework */ = {isa = PBXFileReference; explicitFileType = wrapper.framework; path = Starscream.framework; sourceTree = BUILT_PRODUCTS_DIR; };
		B309D1D525F020B300A2AADF /* Message.swift */ = {isa = PBXFileReference; lastKnownFileType = sourcecode.swift; path = Message.swift; sourceTree = "<group>"; };
		B309D1DA25F020D400A2AADF /* Method.swift */ = {isa = PBXFileReference; lastKnownFileType = sourcecode.swift; path = Method.swift; sourceTree = "<group>"; };
		B309D1E325F0240200A2AADF /* TxConfig.swift */ = {isa = PBXFileReference; lastKnownFileType = sourcecode.swift; path = TxConfig.swift; sourceTree = "<group>"; };
		B309D1EB25F024B900A2AADF /* LoginMessage.swift */ = {isa = PBXFileReference; lastKnownFileType = sourcecode.swift; path = LoginMessage.swift; sourceTree = "<group>"; };
		B309D1FC25F0291100A2AADF /* UISettingsView.xib */ = {isa = PBXFileReference; lastKnownFileType = file.xib; path = UISettingsView.xib; sourceTree = "<group>"; };
		B309D20125F0291B00A2AADF /* UISettingsView.swift */ = {isa = PBXFileReference; lastKnownFileType = sourcecode.swift; path = UISettingsView.swift; sourceTree = "<group>"; };
		B309D22825F06C6900A2AADF /* Call.swift */ = {isa = PBXFileReference; lastKnownFileType = sourcecode.swift; path = Call.swift; sourceTree = "<group>"; };
		B309D23025F06CA800A2AADF /* Peer.swift */ = {isa = PBXFileReference; lastKnownFileType = sourcecode.swift; path = Peer.swift; sourceTree = "<group>"; };
		B309D23525F06D2100A2AADF /* TxCallInfo.swift */ = {isa = PBXFileReference; lastKnownFileType = sourcecode.swift; path = TxCallInfo.swift; sourceTree = "<group>"; };
		B309D23A25F06DC000A2AADF /* TxCallOptions.swift */ = {isa = PBXFileReference; lastKnownFileType = sourcecode.swift; path = TxCallOptions.swift; sourceTree = "<group>"; };
		B309D23F25F06EA600A2AADF /* InviteMessage.swift */ = {isa = PBXFileReference; lastKnownFileType = sourcecode.swift; path = InviteMessage.swift; sourceTree = "<group>"; };
		B309D24D25F0717B00A2AADF /* UICallScreen.xib */ = {isa = PBXFileReference; lastKnownFileType = file.xib; path = UICallScreen.xib; sourceTree = "<group>"; };
		B309D25225F071DD00A2AADF /* UICallScreen.swift */ = {isa = PBXFileReference; lastKnownFileType = sourcecode.swift; path = UICallScreen.swift; sourceTree = "<group>"; };
		B309D27925F17C1700A2AADF /* UIIncomingCallView.swift */ = {isa = PBXFileReference; fileEncoding = 4; lastKnownFileType = sourcecode.swift; path = UIIncomingCallView.swift; sourceTree = "<group>"; };
		B309D27A25F17C1700A2AADF /* UIIncomingCallView.xib */ = {isa = PBXFileReference; fileEncoding = 4; lastKnownFileType = file.xib; path = UIIncomingCallView.xib; sourceTree = "<group>"; };
		B309D28125F1838700A2AADF /* ByeMessage.swift */ = {isa = PBXFileReference; lastKnownFileType = sourcecode.swift; path = ByeMessage.swift; sourceTree = "<group>"; };
		B309D28525F184A100A2AADF /* AnswerMessage.swift */ = {isa = PBXFileReference; lastKnownFileType = sourcecode.swift; path = AnswerMessage.swift; sourceTree = "<group>"; };
		B32AE8B226CD4F9200C7C6F4 /* TxServerConfiguration.swift */ = {isa = PBXFileReference; lastKnownFileType = sourcecode.swift; path = TxServerConfiguration.swift; sourceTree = "<group>"; };
		B32AE8BA26D6952500C7C6F4 /* AppDelegateCallKitExtension.swift */ = {isa = PBXFileReference; lastKnownFileType = sourcecode.swift; path = AppDelegateCallKitExtension.swift; sourceTree = "<group>"; };
		B32AE8BE26D6D69E00C7C6F4 /* ViewControllerVoIPExtension.swift */ = {isa = PBXFileReference; lastKnownFileType = sourcecode.swift; path = ViewControllerVoIPExtension.swift; sourceTree = "<group>"; };
		B366D3FA26150D1100156FE1 /* StringExtension.swift */ = {isa = PBXFileReference; lastKnownFileType = sourcecode.swift; path = StringExtension.swift; sourceTree = "<group>"; };
		B368BEC025EDDB610032AE52 /* TelnyxRTC.framework */ = {isa = PBXFileReference; explicitFileType = wrapper.framework; includeInIndex = 0; path = TelnyxRTC.framework; sourceTree = BUILT_PRODUCTS_DIR; };
		B368BEC325EDDB610032AE52 /* TelnyxRTC.h */ = {isa = PBXFileReference; lastKnownFileType = sourcecode.c.h; path = TelnyxRTC.h; sourceTree = "<group>"; };
		B368BEC425EDDB610032AE52 /* Info.plist */ = {isa = PBXFileReference; lastKnownFileType = text.plist.xml; path = Info.plist; sourceTree = "<group>"; };
		B368BED125EDDBC90032AE52 /* TelnyxRTCTests.xctest */ = {isa = PBXFileReference; explicitFileType = wrapper.cfbundle; includeInIndex = 0; path = TelnyxRTCTests.xctest; sourceTree = BUILT_PRODUCTS_DIR; };
		B368BED325EDDBC90032AE52 /* TelnyxRTCTests.swift */ = {isa = PBXFileReference; lastKnownFileType = sourcecode.swift; path = TelnyxRTCTests.swift; sourceTree = "<group>"; };
		B368BED525EDDBC90032AE52 /* Info.plist */ = {isa = PBXFileReference; lastKnownFileType = text.plist.xml; path = Info.plist; sourceTree = "<group>"; };
		B368BEE025EDDC7D0032AE52 /* TxClient.swift */ = {isa = PBXFileReference; lastKnownFileType = sourcecode.swift; path = TxClient.swift; sourceTree = "<group>"; };
		B368BEE825EDDD060032AE52 /* TelnyxWebRTCDemo.app */ = {isa = PBXFileReference; explicitFileType = wrapper.application; includeInIndex = 0; path = TelnyxWebRTCDemo.app; sourceTree = BUILT_PRODUCTS_DIR; };
		B368BEEA25EDDD060032AE52 /* AppDelegate.swift */ = {isa = PBXFileReference; lastKnownFileType = sourcecode.swift; path = AppDelegate.swift; sourceTree = "<group>"; };
		B368BEEE25EDDD060032AE52 /* ViewController.swift */ = {isa = PBXFileReference; lastKnownFileType = sourcecode.swift; path = ViewController.swift; sourceTree = "<group>"; };
		B368BEF125EDDD060032AE52 /* Base */ = {isa = PBXFileReference; lastKnownFileType = file.storyboard; name = Base; path = Base.lproj/Main.storyboard; sourceTree = "<group>"; };
		B368BEF325EDDD070032AE52 /* Assets.xcassets */ = {isa = PBXFileReference; lastKnownFileType = folder.assetcatalog; path = Assets.xcassets; sourceTree = "<group>"; };
		B368BEF625EDDD070032AE52 /* Base */ = {isa = PBXFileReference; lastKnownFileType = file.storyboard; name = Base; path = Base.lproj/LaunchScreen.storyboard; sourceTree = "<group>"; };
		B368BEF825EDDD070032AE52 /* Info.plist */ = {isa = PBXFileReference; lastKnownFileType = text.plist.xml; path = Info.plist; sourceTree = "<group>"; };
		B36FC8BF2612794A00A30BC4 /* Logger.swift */ = {isa = PBXFileReference; lastKnownFileType = sourcecode.swift; path = Logger.swift; sourceTree = "<group>"; };
		B39121AE25FFCE680051E076 /* TxError.swift */ = {isa = PBXFileReference; fileEncoding = 4; lastKnownFileType = sourcecode.swift; path = TxError.swift; sourceTree = "<group>"; };
		B39121E62600F7B10051E076 /* VertoMessagesTests.swift */ = {isa = PBXFileReference; lastKnownFileType = sourcecode.swift; path = VertoMessagesTests.swift; sourceTree = "<group>"; };
		B39121EC2602F22F0051E076 /* SocketTests.swift */ = {isa = PBXFileReference; lastKnownFileType = sourcecode.swift; path = SocketTests.swift; sourceTree = "<group>"; };
		B391220B2604D9C50051E076 /* PeerConnectionTests.swift */ = {isa = PBXFileReference; lastKnownFileType = sourcecode.swift; path = PeerConnectionTests.swift; sourceTree = "<group>"; };
		B39122112604FBC00051E076 /* TestConstants.swift */ = {isa = PBXFileReference; lastKnownFileType = sourcecode.swift; path = TestConstants.swift; sourceTree = "<group>"; };
		B391221F260502650051E076 /* CallTests.swift */ = {isa = PBXFileReference; lastKnownFileType = sourcecode.swift; path = CallTests.swift; sourceTree = "<group>"; };
		B3912263260F6A050051E076 /* TelnyxRTCMulticallTests.swift */ = {isa = PBXFileReference; lastKnownFileType = sourcecode.swift; path = TelnyxRTCMulticallTests.swift; sourceTree = "<group>"; };
		B3A1555828767E2D00C70528 /* RTCTestDelegate.swift */ = {isa = PBXFileReference; lastKnownFileType = sourcecode.swift; path = RTCTestDelegate.swift; sourceTree = "<group>"; };
		B3A728BB2643537E003F3844 /* README.md */ = {isa = PBXFileReference; fileEncoding = 4; lastKnownFileType = net.daringfireball.markdown; path = README.md; sourceTree = "<group>"; };
		B3AF247F25EE7B1F0062EDA9 /* TxClientDelegate.swift */ = {isa = PBXFileReference; lastKnownFileType = sourcecode.swift; path = TxClientDelegate.swift; sourceTree = "<group>"; };
		B3AF248325EE7B6A0062EDA9 /* InternalConfig.swift */ = {isa = PBXFileReference; lastKnownFileType = sourcecode.swift; path = InternalConfig.swift; sourceTree = "<group>"; };
		B3AF248A25EE7C350062EDA9 /* Socket.swift */ = {isa = PBXFileReference; lastKnownFileType = sourcecode.swift; path = Socket.swift; sourceTree = "<group>"; };
		B3AF249725EE7DC70062EDA9 /* SocketDelegate.swift */ = {isa = PBXFileReference; lastKnownFileType = sourcecode.swift; path = SocketDelegate.swift; sourceTree = "<group>"; };
		B3AF24A925EE84570062EDA9 /* UIViewControllerExtension.swift */ = {isa = PBXFileReference; lastKnownFileType = sourcecode.swift; path = UIViewControllerExtension.swift; sourceTree = "<group>"; };
		B3B1D9A026542860008D28C9 /* TxPushConfig.swift */ = {isa = PBXFileReference; lastKnownFileType = sourcecode.swift; path = TxPushConfig.swift; sourceTree = "<group>"; };
		B3B1D9A22654546E008D28C9 /* TelnyxWebRTCDemo.entitlements */ = {isa = PBXFileReference; lastKnownFileType = text.plist.entitlements; path = TelnyxWebRTCDemo.entitlements; sourceTree = "<group>"; };
		B3B1D9A326545807008D28C9 /* UserDefaultExtension.swift */ = {isa = PBXFileReference; lastKnownFileType = sourcecode.swift; path = UserDefaultExtension.swift; sourceTree = "<group>"; };
		B3B8F53626E7D4EF0007B583 /* AppDelegateTelnyxVoIPExtension.swift */ = {isa = PBXFileReference; lastKnownFileType = sourcecode.swift; path = AppDelegateTelnyxVoIPExtension.swift; sourceTree = "<group>"; };
		B3BB8F9F26BC076000DDCB84 /* GatewayMessage.swift */ = {isa = PBXFileReference; lastKnownFileType = sourcecode.swift; path = GatewayMessage.swift; sourceTree = "<group>"; };
		B3C008B126C1B2C5003E7AE3 /* LoadingView.swift */ = {isa = PBXFileReference; lastKnownFileType = sourcecode.swift; path = LoadingView.swift; sourceTree = "<group>"; };
		B3E0B0652656ED73005E7431 /* InfoMessage.swift */ = {isa = PBXFileReference; lastKnownFileType = sourcecode.swift; path = InfoMessage.swift; sourceTree = "<group>"; };
		B3E1029925F2C16500227DCE /* ModifyMessage.swift */ = {isa = PBXFileReference; lastKnownFileType = sourcecode.swift; path = ModifyMessage.swift; sourceTree = "<group>"; };
		B3E1033025F7F94900227DCE /* incoming_call.mp3 */ = {isa = PBXFileReference; lastKnownFileType = audio.mp3; path = incoming_call.mp3; sourceTree = "<group>"; };
		B3E1033125F7F94900227DCE /* ringback_tone.mp3 */ = {isa = PBXFileReference; lastKnownFileType = audio.mp3; path = ringback_tone.mp3; sourceTree = "<group>"; };
/* End PBXFileReference section */

/* Begin PBXFrameworksBuildPhase section */
		B368BEBD25EDDB610032AE52 /* Frameworks */ = {
			isa = PBXFrameworksBuildPhase;
			buildActionMask = 2147483647;
			files = (
				B309D13D25EF119E00A2AADF /* Starscream.framework in Frameworks */,
				B309D26225F1574C00A2AADF /* (null) in Frameworks */,
				AE43DF75B2F7AE413F1EE1B0 /* Pods_TelnyxRTC.framework in Frameworks */,
			);
			runOnlyForDeploymentPostprocessing = 0;
		};
		B368BECE25EDDBC90032AE52 /* Frameworks */ = {
			isa = PBXFrameworksBuildPhase;
			buildActionMask = 2147483647;
			files = (
				B368BED625EDDBC90032AE52 /* TelnyxRTC.framework in Frameworks */,
				F1213C92A3E9EC2593B0F1F2 /* Pods_TelnyxRTC_TelnyxRTCTests.framework in Frameworks */,
			);
			runOnlyForDeploymentPostprocessing = 0;
		};
		B368BEE525EDDD060032AE52 /* Frameworks */ = {
			isa = PBXFrameworksBuildPhase;
			buildActionMask = 2147483647;
			files = (
				1B0B82F8E58A096FBA0FB9CC /* (null) in Frameworks */,
				9578D6261E82279EDEDFA516 /* Pods_TelnyxWebRTCDemo.framework in Frameworks */,
			);
			runOnlyForDeploymentPostprocessing = 0;
		};
/* End PBXFrameworksBuildPhase section */

/* Begin PBXGroup section */
		8AB3A6A2ADA6A9FAC6C77491 /* Pods */ = {
			isa = PBXGroup;
			children = (
				711958501DD45FDFBD112FC6 /* Pods-TelnyxRTC.debug.xcconfig */,
				064620D5372C98975322D84C /* Pods-TelnyxRTC.release.xcconfig */,
				00B066EA7AECA1E61F1CC13D /* Pods-TelnyxRTC-TelnyxRTCTests.debug.xcconfig */,
				3F6CE2F8F9D0DBE4DA219605 /* Pods-TelnyxRTC-TelnyxRTCTests.release.xcconfig */,
				0BC0EF15A80C9BA767873075 /* Pods-TelnyxWebRTCDemo.debug.xcconfig */,
				4DE56344987C90A16F102652 /* Pods-TelnyxWebRTCDemo.release.xcconfig */,
			);
			path = Pods;
			sourceTree = "<group>";
		};
		B309D1D425F020A300A2AADF /* Verto */ = {
			isa = PBXGroup;
			children = (
				B309D1DA25F020D400A2AADF /* Method.swift */,
				B309D1D525F020B300A2AADF /* Message.swift */,
				B309D1EB25F024B900A2AADF /* LoginMessage.swift */,
				B309D23F25F06EA600A2AADF /* InviteMessage.swift */,
				B309D28125F1838700A2AADF /* ByeMessage.swift */,
				B309D28525F184A100A2AADF /* AnswerMessage.swift */,
				B3E1029925F2C16500227DCE /* ModifyMessage.swift */,
				B3E0B0652656ED73005E7431 /* InfoMessage.swift */,
				B3BB8F9F26BC076000DDCB84 /* GatewayMessage.swift */,
				3B72695C2A9396BF00D2A602 /* DisablePushMessage.swift */,
				3B49B7142AA9B0A20026D36D /* AttachCallMessage.swift */,
			);
			path = Verto;
			sourceTree = "<group>";
		};
		B309D1E225F023F400A2AADF /* Models */ = {
			isa = PBXGroup;
			children = (
				3B1BE6F62AA9A467000B7962 /* TxPushIPConfig.swift */,
				B309D1E325F0240200A2AADF /* TxConfig.swift */,
				B309D23525F06D2100A2AADF /* TxCallInfo.swift */,
				B309D23A25F06DC000A2AADF /* TxCallOptions.swift */,
				B39121AE25FFCE680051E076 /* TxError.swift */,
				B3B1D9A026542860008D28C9 /* TxPushConfig.swift */,
				B32AE8B226CD4F9200C7C6F4 /* TxServerConfiguration.swift */,
				3B1F43EE2AE0B01E00A610BA /* Params.swift */,
			);
			path = Models;
			sourceTree = "<group>";
		};
		B309D1FB25F028F100A2AADF /* Views */ = {
			isa = PBXGroup;
			children = (
				B309D27A25F17C1700A2AADF /* UIIncomingCallView.xib */,
				B309D27925F17C1700A2AADF /* UIIncomingCallView.swift */,
				B309D1FC25F0291100A2AADF /* UISettingsView.xib */,
				B309D20125F0291B00A2AADF /* UISettingsView.swift */,
				B309D24D25F0717B00A2AADF /* UICallScreen.xib */,
				B309D25225F071DD00A2AADF /* UICallScreen.swift */,
				B3C008B126C1B2C5003E7AE3 /* LoadingView.swift */,
			);
			path = Views;
			sourceTree = "<group>";
		};
		B309D22725F06C5F00A2AADF /* WebRTC */ = {
			isa = PBXGroup;
			children = (
				B309D22825F06C6900A2AADF /* Call.swift */,
				B309D23025F06CA800A2AADF /* Peer.swift */,
			);
			path = WebRTC;
			sourceTree = "<group>";
		};
		B366D3F926150D0300156FE1 /* Helpers */ = {
			isa = PBXGroup;
			children = (
				B366D3FA26150D1100156FE1 /* StringExtension.swift */,
				B3A1555828767E2D00C70528 /* RTCTestDelegate.swift */,
			);
			path = Helpers;
			sourceTree = "<group>";
		};
		B368BEB625EDDB610032AE52 = {
			isa = PBXGroup;
			children = (
				3BF1D5832BEB7B8F0097453F /* TelnyxRTC.podspec */,
				B3A728BB2643537E003F3844 /* README.md */,
				B368BEC225EDDB610032AE52 /* TelnyxRTC */,
				B368BED225EDDBC90032AE52 /* TelnyxRTCTests */,
				B368BEE925EDDD060032AE52 /* TelnyxWebRTCDemo */,
				B368BEC125EDDB610032AE52 /* Products */,
				8AB3A6A2ADA6A9FAC6C77491 /* Pods */,
				EA45B40E24738E41F9F44AA0 /* Frameworks */,
			);
			sourceTree = "<group>";
		};
		B368BEC125EDDB610032AE52 /* Products */ = {
			isa = PBXGroup;
			children = (
				B368BEC025EDDB610032AE52 /* TelnyxRTC.framework */,
				B368BED125EDDBC90032AE52 /* TelnyxRTCTests.xctest */,
				B368BEE825EDDD060032AE52 /* TelnyxWebRTCDemo.app */,
			);
			name = Products;
			sourceTree = "<group>";
		};
		B368BEC225EDDB610032AE52 /* TelnyxRTC */ = {
			isa = PBXGroup;
			children = (
				B368BF5225EE71A20032AE52 /* Telnyx */,
				B368BEC325EDDB610032AE52 /* TelnyxRTC.h */,
				B368BEC425EDDB610032AE52 /* Info.plist */,
				3B91C0F42BE3A44600A03067 /* PrivacyInfo.xcprivacy */,
			);
			path = TelnyxRTC;
			sourceTree = "<group>";
		};
		B368BED225EDDBC90032AE52 /* TelnyxRTCTests */ = {
			isa = PBXGroup;
			children = (
				B366D3F926150D0300156FE1 /* Helpers */,
				B391221C260501C00051E076 /* WebRTC */,
				B39121F32603AE670051E076 /* Verto */,
				B39121F22603AD7B0051E076 /* Socket */,
				B368BED325EDDBC90032AE52 /* TelnyxRTCTests.swift */,
				B3912263260F6A050051E076 /* TelnyxRTCMulticallTests.swift */,
				B39122112604FBC00051E076 /* TestConstants.swift */,
				B368BED525EDDBC90032AE52 /* Info.plist */,
			);
			path = TelnyxRTCTests;
			sourceTree = "<group>";
		};
		B368BEE925EDDD060032AE52 /* TelnyxWebRTCDemo */ = {
			isa = PBXGroup;
			children = (
				B3B1D9A22654546E008D28C9 /* TelnyxWebRTCDemo.entitlements */,
				B3E1032F25F7F93000227DCE /* Resources */,
				B309D1FB25F028F100A2AADF /* Views */,
				B3AF24A825EE84410062EDA9 /* Extensions */,
				B368BEEA25EDDD060032AE52 /* AppDelegate.swift */,
				B368BEEE25EDDD060032AE52 /* ViewController.swift */,
				B368BEF025EDDD060032AE52 /* Main.storyboard */,
				B368BEF325EDDD070032AE52 /* Assets.xcassets */,
				B368BEF525EDDD070032AE52 /* LaunchScreen.storyboard */,
				B368BEF825EDDD070032AE52 /* Info.plist */,
				3B758F192BF44D7800D50069 /* PrivacyInfo.xcprivacy */,
			);
			path = TelnyxWebRTCDemo;
			sourceTree = "<group>";
		};
		B368BF5225EE71A20032AE52 /* Telnyx */ = {
			isa = PBXGroup;
			children = (
				B36FC8BE2612791E00A30BC4 /* Utils */,
				B309D22725F06C5F00A2AADF /* WebRTC */,
				B309D1E225F023F400A2AADF /* Models */,
				B309D1D425F020A300A2AADF /* Verto */,
				B3AF248925EE7C0D0062EDA9 /* Services */,
				B368BEE025EDDC7D0032AE52 /* TxClient.swift */,
				B3AF247F25EE7B1F0062EDA9 /* TxClientDelegate.swift */,
				B3AF248325EE7B6A0062EDA9 /* InternalConfig.swift */,
			);
			path = Telnyx;
			sourceTree = "<group>";
		};
		B36FC8BE2612791E00A30BC4 /* Utils */ = {
			isa = PBXGroup;
			children = (
				B36FC8BF2612794A00A30BC4 /* Logger.swift */,
			);
			path = Utils;
			sourceTree = "<group>";
		};
		B39121F22603AD7B0051E076 /* Socket */ = {
			isa = PBXGroup;
			children = (
				B39121EC2602F22F0051E076 /* SocketTests.swift */,
			);
			path = Socket;
			sourceTree = "<group>";
		};
		B39121F32603AE670051E076 /* Verto */ = {
			isa = PBXGroup;
			children = (
				B39121E62600F7B10051E076 /* VertoMessagesTests.swift */,
			);
			path = Verto;
			sourceTree = "<group>";
		};
		B391221C260501C00051E076 /* WebRTC */ = {
			isa = PBXGroup;
			children = (
				B391220B2604D9C50051E076 /* PeerConnectionTests.swift */,
				B391221F260502650051E076 /* CallTests.swift */,
			);
			path = WebRTC;
			sourceTree = "<group>";
		};
		B3AF248925EE7C0D0062EDA9 /* Services */ = {
			isa = PBXGroup;
			children = (
				B3AF248A25EE7C350062EDA9 /* Socket.swift */,
				B3AF249725EE7DC70062EDA9 /* SocketDelegate.swift */,
			);
			path = Services;
			sourceTree = "<group>";
		};
		B3AF24A825EE84410062EDA9 /* Extensions */ = {
			isa = PBXGroup;
			children = (
				B3AF24A925EE84570062EDA9 /* UIViewControllerExtension.swift */,
				B3B1D9A326545807008D28C9 /* UserDefaultExtension.swift */,
				B32AE8BE26D6D69E00C7C6F4 /* ViewControllerVoIPExtension.swift */,
				B32AE8BA26D6952500C7C6F4 /* AppDelegateCallKitExtension.swift */,
				B3B8F53626E7D4EF0007B583 /* AppDelegateTelnyxVoIPExtension.swift */,
			);
			path = Extensions;
			sourceTree = "<group>";
		};
		B3E1032F25F7F93000227DCE /* Resources */ = {
			isa = PBXGroup;
			children = (
				B3E1033025F7F94900227DCE /* incoming_call.mp3 */,
				B3E1033125F7F94900227DCE /* ringback_tone.mp3 */,
			);
			path = Resources;
			sourceTree = "<group>";
		};
		EA45B40E24738E41F9F44AA0 /* Frameworks */ = {
			isa = PBXGroup;
			children = (
				B309D11125EF107F00A2AADF /* Starscream.framework */,
				8A11DAA0171B02D67683620E /* Pods_TelnyxRTC.framework */,
				65B0B19B5206EECCAE2E29CA /* Pods_TelnyxRTC_TelnyxRTCTests.framework */,
				A7CE9BEFEDE503E7BC7BE3C8 /* Pods_TelnyxWebRTCDemo.framework */,
			);
			name = Frameworks;
			sourceTree = "<group>";
		};
/* End PBXGroup section */

/* Begin PBXHeadersBuildPhase section */
		B368BEBB25EDDB610032AE52 /* Headers */ = {
			isa = PBXHeadersBuildPhase;
			buildActionMask = 2147483647;
			files = (
				B368BEC525EDDB610032AE52 /* TelnyxRTC.h in Headers */,
			);
			runOnlyForDeploymentPostprocessing = 0;
		};
/* End PBXHeadersBuildPhase section */

/* Begin PBXNativeTarget section */
		B368BEBF25EDDB610032AE52 /* TelnyxRTC */ = {
			isa = PBXNativeTarget;
			buildConfigurationList = B368BEC825EDDB610032AE52 /* Build configuration list for PBXNativeTarget "TelnyxRTC" */;
			buildPhases = (
				C8DCE6A4E57624543606AF26 /* [CP] Check Pods Manifest.lock */,
				B368BEBB25EDDB610032AE52 /* Headers */,
				B368BEBC25EDDB610032AE52 /* Sources */,
				B368BEBD25EDDB610032AE52 /* Frameworks */,
				B368BEBE25EDDB610032AE52 /* Resources */,
				B309D26425F1574C00A2AADF /* Embed Frameworks */,
			);
			buildRules = (
			);
			dependencies = (
			);
			name = TelnyxRTC;
			productName = WebRTCSDK;
			productReference = B368BEC025EDDB610032AE52 /* TelnyxRTC.framework */;
			productType = "com.apple.product-type.framework";
		};
		B368BED025EDDBC90032AE52 /* TelnyxRTCTests */ = {
			isa = PBXNativeTarget;
			buildConfigurationList = B368BEDB25EDDBC90032AE52 /* Build configuration list for PBXNativeTarget "TelnyxRTCTests" */;
			buildPhases = (
				372CB862CEB12F0BAD6BC8EF /* [CP] Check Pods Manifest.lock */,
				B368BECD25EDDBC90032AE52 /* Sources */,
				B368BECE25EDDBC90032AE52 /* Frameworks */,
				B368BECF25EDDBC90032AE52 /* Resources */,
				AE5BBE6944FFEBD4BF981BE3 /* [CP] Embed Pods Frameworks */,
			);
			buildRules = (
			);
			dependencies = (
				B368BED825EDDBC90032AE52 /* PBXTargetDependency */,
			);
			name = TelnyxRTCTests;
			productName = WebRTCSDKTests;
			productReference = B368BED125EDDBC90032AE52 /* TelnyxRTCTests.xctest */;
			productType = "com.apple.product-type.bundle.unit-test";
		};
		B368BEE725EDDD060032AE52 /* TelnyxWebRTCDemo */ = {
			isa = PBXNativeTarget;
			buildConfigurationList = B368BEF925EDDD070032AE52 /* Build configuration list for PBXNativeTarget "TelnyxWebRTCDemo" */;
			buildPhases = (
				531941316CE2E1E6229D4E33 /* [CP] Check Pods Manifest.lock */,
				B368BEE425EDDD060032AE52 /* Sources */,
				B368BEE525EDDD060032AE52 /* Frameworks */,
				B368BEE625EDDD060032AE52 /* Resources */,
				706A487C202DF580DCB3143E /* [CP] Embed Pods Frameworks */,
			);
			buildRules = (
			);
			dependencies = (
			);
			name = TelnyxWebRTCDemo;
			productName = TelnyxWebRTCDemo;
			productReference = B368BEE825EDDD060032AE52 /* TelnyxWebRTCDemo.app */;
			productType = "com.apple.product-type.application";
		};
/* End PBXNativeTarget section */

/* Begin PBXProject section */
		B368BEB725EDDB610032AE52 /* Project object */ = {
			isa = PBXProject;
			attributes = {
				LastSwiftUpdateCheck = 1220;
				LastUpgradeCheck = 1220;
				TargetAttributes = {
					B368BEBF25EDDB610032AE52 = {
						CreatedOnToolsVersion = 12.2;
						LastSwiftMigration = 1220;
					};
					B368BED025EDDBC90032AE52 = {
						CreatedOnToolsVersion = 12.2;
					};
					B368BEE725EDDD060032AE52 = {
						CreatedOnToolsVersion = 12.2;
					};
				};
			};
			buildConfigurationList = B368BEBA25EDDB610032AE52 /* Build configuration list for PBXProject "TelnyxRTC" */;
			compatibilityVersion = "Xcode 9.3";
			developmentRegion = en;
			hasScannedForEncodings = 0;
			knownRegions = (
				en,
				Base,
			);
			mainGroup = B368BEB625EDDB610032AE52;
			productRefGroup = B368BEC125EDDB610032AE52 /* Products */;
			projectDirPath = "";
			projectRoot = "";
			targets = (
				B368BEBF25EDDB610032AE52 /* TelnyxRTC */,
				B368BED025EDDBC90032AE52 /* TelnyxRTCTests */,
				B368BEE725EDDD060032AE52 /* TelnyxWebRTCDemo */,
			);
		};
/* End PBXProject section */

/* Begin PBXResourcesBuildPhase section */
		B368BEBE25EDDB610032AE52 /* Resources */ = {
			isa = PBXResourcesBuildPhase;
			buildActionMask = 2147483647;
			files = (
				3BF1D5842BEB7B8F0097453F /* TelnyxRTC.podspec in Resources */,
				3B91C0F52BE3A44600A03067 /* PrivacyInfo.xcprivacy in Resources */,
				B3A728BC2643537E003F3844 /* README.md in Resources */,
			);
			runOnlyForDeploymentPostprocessing = 0;
		};
		B368BECF25EDDBC90032AE52 /* Resources */ = {
			isa = PBXResourcesBuildPhase;
			buildActionMask = 2147483647;
			files = (
			);
			runOnlyForDeploymentPostprocessing = 0;
		};
		B368BEE625EDDD060032AE52 /* Resources */ = {
			isa = PBXResourcesBuildPhase;
			buildActionMask = 2147483647;
			files = (
				B368BEF725EDDD070032AE52 /* LaunchScreen.storyboard in Resources */,
				B309D1FD25F0291100A2AADF /* UISettingsView.xib in Resources */,
				B309D27C25F17C1700A2AADF /* UIIncomingCallView.xib in Resources */,
				3B758F1A2BF44D7800D50069 /* PrivacyInfo.xcprivacy in Resources */,
				B3E1033225F7F94900227DCE /* incoming_call.mp3 in Resources */,
				B368BEF425EDDD070032AE52 /* Assets.xcassets in Resources */,
				B3E1033325F7F94900227DCE /* ringback_tone.mp3 in Resources */,
				B368BEF225EDDD060032AE52 /* Main.storyboard in Resources */,
				B309D24E25F0717B00A2AADF /* UICallScreen.xib in Resources */,
			);
			runOnlyForDeploymentPostprocessing = 0;
		};
/* End PBXResourcesBuildPhase section */

/* Begin PBXShellScriptBuildPhase section */
		372CB862CEB12F0BAD6BC8EF /* [CP] Check Pods Manifest.lock */ = {
			isa = PBXShellScriptBuildPhase;
			buildActionMask = 2147483647;
			files = (
			);
			inputFileListPaths = (
			);
			inputPaths = (
				"${PODS_PODFILE_DIR_PATH}/Podfile.lock",
				"${PODS_ROOT}/Manifest.lock",
			);
			name = "[CP] Check Pods Manifest.lock";
			outputFileListPaths = (
			);
			outputPaths = (
				"$(DERIVED_FILE_DIR)/Pods-TelnyxRTC-TelnyxRTCTests-checkManifestLockResult.txt",
			);
			runOnlyForDeploymentPostprocessing = 0;
			shellPath = /bin/sh;
			shellScript = "diff \"${PODS_PODFILE_DIR_PATH}/Podfile.lock\" \"${PODS_ROOT}/Manifest.lock\" > /dev/null\nif [ $? != 0 ] ; then\n    # print error to STDERR\n    echo \"error: The sandbox is not in sync with the Podfile.lock. Run 'pod install' or update your CocoaPods installation.\" >&2\n    exit 1\nfi\n# This output is used by Xcode 'outputs' to avoid re-running this script phase.\necho \"SUCCESS\" > \"${SCRIPT_OUTPUT_FILE_0}\"\n";
			showEnvVarsInLog = 0;
		};
		531941316CE2E1E6229D4E33 /* [CP] Check Pods Manifest.lock */ = {
			isa = PBXShellScriptBuildPhase;
			buildActionMask = 2147483647;
			files = (
			);
			inputFileListPaths = (
			);
			inputPaths = (
				"${PODS_PODFILE_DIR_PATH}/Podfile.lock",
				"${PODS_ROOT}/Manifest.lock",
			);
			name = "[CP] Check Pods Manifest.lock";
			outputFileListPaths = (
			);
			outputPaths = (
				"$(DERIVED_FILE_DIR)/Pods-TelnyxWebRTCDemo-checkManifestLockResult.txt",
			);
			runOnlyForDeploymentPostprocessing = 0;
			shellPath = /bin/sh;
			shellScript = "diff \"${PODS_PODFILE_DIR_PATH}/Podfile.lock\" \"${PODS_ROOT}/Manifest.lock\" > /dev/null\nif [ $? != 0 ] ; then\n    # print error to STDERR\n    echo \"error: The sandbox is not in sync with the Podfile.lock. Run 'pod install' or update your CocoaPods installation.\" >&2\n    exit 1\nfi\n# This output is used by Xcode 'outputs' to avoid re-running this script phase.\necho \"SUCCESS\" > \"${SCRIPT_OUTPUT_FILE_0}\"\n";
			showEnvVarsInLog = 0;
		};
		706A487C202DF580DCB3143E /* [CP] Embed Pods Frameworks */ = {
			isa = PBXShellScriptBuildPhase;
			buildActionMask = 2147483647;
			files = (
			);
			inputFileListPaths = (
				"${PODS_ROOT}/Target Support Files/Pods-TelnyxWebRTCDemo/Pods-TelnyxWebRTCDemo-frameworks-${CONFIGURATION}-input-files.xcfilelist",
			);
			name = "[CP] Embed Pods Frameworks";
			outputFileListPaths = (
				"${PODS_ROOT}/Target Support Files/Pods-TelnyxWebRTCDemo/Pods-TelnyxWebRTCDemo-frameworks-${CONFIGURATION}-output-files.xcfilelist",
			);
			runOnlyForDeploymentPostprocessing = 0;
			shellPath = /bin/sh;
			shellScript = "\"${PODS_ROOT}/Target Support Files/Pods-TelnyxWebRTCDemo/Pods-TelnyxWebRTCDemo-frameworks.sh\"\n";
			showEnvVarsInLog = 0;
		};
		AE5BBE6944FFEBD4BF981BE3 /* [CP] Embed Pods Frameworks */ = {
			isa = PBXShellScriptBuildPhase;
			buildActionMask = 2147483647;
			files = (
			);
			inputFileListPaths = (
				"${PODS_ROOT}/Target Support Files/Pods-TelnyxRTC-TelnyxRTCTests/Pods-TelnyxRTC-TelnyxRTCTests-frameworks-${CONFIGURATION}-input-files.xcfilelist",
			);
			name = "[CP] Embed Pods Frameworks";
			outputFileListPaths = (
				"${PODS_ROOT}/Target Support Files/Pods-TelnyxRTC-TelnyxRTCTests/Pods-TelnyxRTC-TelnyxRTCTests-frameworks-${CONFIGURATION}-output-files.xcfilelist",
			);
			runOnlyForDeploymentPostprocessing = 0;
			shellPath = /bin/sh;
			shellScript = "\"${PODS_ROOT}/Target Support Files/Pods-TelnyxRTC-TelnyxRTCTests/Pods-TelnyxRTC-TelnyxRTCTests-frameworks.sh\"\n";
			showEnvVarsInLog = 0;
		};
		C8DCE6A4E57624543606AF26 /* [CP] Check Pods Manifest.lock */ = {
			isa = PBXShellScriptBuildPhase;
			buildActionMask = 2147483647;
			files = (
			);
			inputFileListPaths = (
			);
			inputPaths = (
				"${PODS_PODFILE_DIR_PATH}/Podfile.lock",
				"${PODS_ROOT}/Manifest.lock",
			);
			name = "[CP] Check Pods Manifest.lock";
			outputFileListPaths = (
			);
			outputPaths = (
				"$(DERIVED_FILE_DIR)/Pods-TelnyxRTC-checkManifestLockResult.txt",
			);
			runOnlyForDeploymentPostprocessing = 0;
			shellPath = /bin/sh;
			shellScript = "diff \"${PODS_PODFILE_DIR_PATH}/Podfile.lock\" \"${PODS_ROOT}/Manifest.lock\" > /dev/null\nif [ $? != 0 ] ; then\n    # print error to STDERR\n    echo \"error: The sandbox is not in sync with the Podfile.lock. Run 'pod install' or update your CocoaPods installation.\" >&2\n    exit 1\nfi\n# This output is used by Xcode 'outputs' to avoid re-running this script phase.\necho \"SUCCESS\" > \"${SCRIPT_OUTPUT_FILE_0}\"\n";
			showEnvVarsInLog = 0;
		};
/* End PBXShellScriptBuildPhase section */

/* Begin PBXSourcesBuildPhase section */
		B368BEBC25EDDB610032AE52 /* Sources */ = {
			isa = PBXSourcesBuildPhase;
			buildActionMask = 2147483647;
			files = (
				3B49B7152AA9B0A20026D36D /* AttachCallMessage.swift in Sources */,
				B36FC8C02612794A00A30BC4 /* Logger.swift in Sources */,
				B3AF248B25EE7C350062EDA9 /* Socket.swift in Sources */,
				B3BB8FA026BC076000DDCB84 /* GatewayMessage.swift in Sources */,
				B309D1DB25F020D400A2AADF /* Method.swift in Sources */,
				B39121AF25FFCE680051E076 /* TxError.swift in Sources */,
				B32AE8B326CD4F9200C7C6F4 /* TxServerConfiguration.swift in Sources */,
				B368BEE125EDDC7D0032AE52 /* TxClient.swift in Sources */,
				B309D28625F184A100A2AADF /* AnswerMessage.swift in Sources */,
				3B1BE6F72AA9A467000B7962 /* TxPushIPConfig.swift in Sources */,
				B309D23125F06CA800A2AADF /* Peer.swift in Sources */,
				B309D1E425F0240200A2AADF /* TxConfig.swift in Sources */,
				B3AF248025EE7B1F0062EDA9 /* TxClientDelegate.swift in Sources */,
				B309D28225F1838700A2AADF /* ByeMessage.swift in Sources */,
				B309D1D625F020B300A2AADF /* Message.swift in Sources */,
				B3B1D9A126542860008D28C9 /* TxPushConfig.swift in Sources */,
				B309D23625F06D2100A2AADF /* TxCallInfo.swift in Sources */,
				B309D23B25F06DC000A2AADF /* TxCallOptions.swift in Sources */,
				3B1F43EF2AE0B01E00A610BA /* Params.swift in Sources */,
				B3AF249825EE7DC70062EDA9 /* SocketDelegate.swift in Sources */,
				B3E0B0662656ED73005E7431 /* InfoMessage.swift in Sources */,
				B3E1029A25F2C16500227DCE /* ModifyMessage.swift in Sources */,
				B309D24025F06EA600A2AADF /* InviteMessage.swift in Sources */,
				3B72695D2A9396BF00D2A602 /* DisablePushMessage.swift in Sources */,
				B309D22925F06C6900A2AADF /* Call.swift in Sources */,
				B309D1EC25F024B900A2AADF /* LoginMessage.swift in Sources */,
				B3AF248425EE7B6A0062EDA9 /* InternalConfig.swift in Sources */,
			);
			runOnlyForDeploymentPostprocessing = 0;
		};
		B368BECD25EDDBC90032AE52 /* Sources */ = {
			isa = PBXSourcesBuildPhase;
			buildActionMask = 2147483647;
			files = (
				B39121E72600F7B10051E076 /* VertoMessagesTests.swift in Sources */,
				B39121ED2602F22F0051E076 /* SocketTests.swift in Sources */,
				B39122122604FBC00051E076 /* TestConstants.swift in Sources */,
				B368BED425EDDBC90032AE52 /* TelnyxRTCTests.swift in Sources */,
				B366D3FB26150D1100156FE1 /* StringExtension.swift in Sources */,
				B391220C2604D9C50051E076 /* PeerConnectionTests.swift in Sources */,
				B3912264260F6A050051E076 /* TelnyxRTCMulticallTests.swift in Sources */,
				B3912220260502650051E076 /* CallTests.swift in Sources */,
				B3A1555928767E2D00C70528 /* RTCTestDelegate.swift in Sources */,
			);
			runOnlyForDeploymentPostprocessing = 0;
		};
		B368BEE425EDDD060032AE52 /* Sources */ = {
			isa = PBXSourcesBuildPhase;
			buildActionMask = 2147483647;
			files = (
				B3B1D9A426545807008D28C9 /* UserDefaultExtension.swift in Sources */,
				B32AE8BB26D6952500C7C6F4 /* AppDelegateCallKitExtension.swift in Sources */,
				B3AF24AA25EE84570062EDA9 /* UIViewControllerExtension.swift in Sources */,
				B309D25325F071DD00A2AADF /* UICallScreen.swift in Sources */,
				B3B8F53726E7D4EF0007B583 /* AppDelegateTelnyxVoIPExtension.swift in Sources */,
				B309D27B25F17C1700A2AADF /* UIIncomingCallView.swift in Sources */,
				B368BEEF25EDDD060032AE52 /* ViewController.swift in Sources */,
				B368BEEB25EDDD060032AE52 /* AppDelegate.swift in Sources */,
				B309D20225F0291B00A2AADF /* UISettingsView.swift in Sources */,
				B32AE8BF26D6D69E00C7C6F4 /* ViewControllerVoIPExtension.swift in Sources */,
				B3C008B226C1B2C5003E7AE3 /* LoadingView.swift in Sources */,
			);
			runOnlyForDeploymentPostprocessing = 0;
		};
/* End PBXSourcesBuildPhase section */

/* Begin PBXTargetDependency section */
		B368BED825EDDBC90032AE52 /* PBXTargetDependency */ = {
			isa = PBXTargetDependency;
			target = B368BEBF25EDDB610032AE52 /* TelnyxRTC */;
			targetProxy = B368BED725EDDBC90032AE52 /* PBXContainerItemProxy */;
		};
/* End PBXTargetDependency section */

/* Begin PBXVariantGroup section */
		B368BEF025EDDD060032AE52 /* Main.storyboard */ = {
			isa = PBXVariantGroup;
			children = (
				B368BEF125EDDD060032AE52 /* Base */,
			);
			name = Main.storyboard;
			sourceTree = "<group>";
		};
		B368BEF525EDDD070032AE52 /* LaunchScreen.storyboard */ = {
			isa = PBXVariantGroup;
			children = (
				B368BEF625EDDD070032AE52 /* Base */,
			);
			name = LaunchScreen.storyboard;
			sourceTree = "<group>";
		};
/* End PBXVariantGroup section */

/* Begin XCBuildConfiguration section */
		B368BEC625EDDB610032AE52 /* Debug */ = {
			isa = XCBuildConfiguration;
			buildSettings = {
				ALWAYS_SEARCH_USER_PATHS = NO;
				CLANG_ANALYZER_NONNULL = YES;
				CLANG_ANALYZER_NUMBER_OBJECT_CONVERSION = YES_AGGRESSIVE;
				CLANG_CXX_LANGUAGE_STANDARD = "gnu++14";
				CLANG_CXX_LIBRARY = "libc++";
				CLANG_ENABLE_MODULES = YES;
				CLANG_ENABLE_OBJC_ARC = YES;
				CLANG_ENABLE_OBJC_WEAK = YES;
				CLANG_WARN_BLOCK_CAPTURE_AUTORELEASING = YES;
				CLANG_WARN_BOOL_CONVERSION = YES;
				CLANG_WARN_COMMA = YES;
				CLANG_WARN_CONSTANT_CONVERSION = YES;
				CLANG_WARN_DEPRECATED_OBJC_IMPLEMENTATIONS = YES;
				CLANG_WARN_DIRECT_OBJC_ISA_USAGE = YES_ERROR;
				CLANG_WARN_DOCUMENTATION_COMMENTS = YES;
				CLANG_WARN_EMPTY_BODY = YES;
				CLANG_WARN_ENUM_CONVERSION = YES;
				CLANG_WARN_INFINITE_RECURSION = YES;
				CLANG_WARN_INT_CONVERSION = YES;
				CLANG_WARN_NON_LITERAL_NULL_CONVERSION = YES;
				CLANG_WARN_OBJC_IMPLICIT_RETAIN_SELF = YES;
				CLANG_WARN_OBJC_LITERAL_CONVERSION = YES;
				CLANG_WARN_OBJC_ROOT_CLASS = YES_ERROR;
				CLANG_WARN_QUOTED_INCLUDE_IN_FRAMEWORK_HEADER = YES;
				CLANG_WARN_RANGE_LOOP_ANALYSIS = YES;
				CLANG_WARN_STRICT_PROTOTYPES = YES;
				CLANG_WARN_SUSPICIOUS_MOVE = YES;
				CLANG_WARN_UNGUARDED_AVAILABILITY = YES_AGGRESSIVE;
				CLANG_WARN_UNREACHABLE_CODE = YES;
				CLANG_WARN__DUPLICATE_METHOD_MATCH = YES;
				COPY_PHASE_STRIP = NO;
				CURRENT_PROJECT_VERSION = 1;
				DEBUG_INFORMATION_FORMAT = dwarf;
				ENABLE_STRICT_OBJC_MSGSEND = YES;
				ENABLE_TESTABILITY = YES;
				GCC_C_LANGUAGE_STANDARD = gnu11;
				GCC_DYNAMIC_NO_PIC = NO;
				GCC_NO_COMMON_BLOCKS = YES;
				GCC_OPTIMIZATION_LEVEL = 0;
				GCC_PREPROCESSOR_DEFINITIONS = (
					"DEBUG=1",
					"$(inherited)",
				);
				GCC_WARN_64_TO_32_BIT_CONVERSION = YES;
				GCC_WARN_ABOUT_RETURN_TYPE = YES_ERROR;
				GCC_WARN_UNDECLARED_SELECTOR = YES;
				GCC_WARN_UNINITIALIZED_AUTOS = YES_AGGRESSIVE;
				GCC_WARN_UNUSED_FUNCTION = YES;
				GCC_WARN_UNUSED_VARIABLE = YES;
				IPHONEOS_DEPLOYMENT_TARGET = 12.1;
				MTL_ENABLE_DEBUG_INFO = INCLUDE_SOURCE;
				MTL_FAST_MATH = YES;
				ONLY_ACTIVE_ARCH = YES;
				SDKROOT = iphoneos;
				SWIFT_ACTIVE_COMPILATION_CONDITIONS = DEBUG;
				SWIFT_OPTIMIZATION_LEVEL = "-Onone";
				VERSIONING_SYSTEM = "apple-generic";
				VERSION_INFO_PREFIX = "";
			};
			name = Debug;
		};
		B368BEC725EDDB610032AE52 /* Release */ = {
			isa = XCBuildConfiguration;
			buildSettings = {
				ALWAYS_SEARCH_USER_PATHS = NO;
				CLANG_ANALYZER_NONNULL = YES;
				CLANG_ANALYZER_NUMBER_OBJECT_CONVERSION = YES_AGGRESSIVE;
				CLANG_CXX_LANGUAGE_STANDARD = "gnu++14";
				CLANG_CXX_LIBRARY = "libc++";
				CLANG_ENABLE_MODULES = YES;
				CLANG_ENABLE_OBJC_ARC = YES;
				CLANG_ENABLE_OBJC_WEAK = YES;
				CLANG_WARN_BLOCK_CAPTURE_AUTORELEASING = YES;
				CLANG_WARN_BOOL_CONVERSION = YES;
				CLANG_WARN_COMMA = YES;
				CLANG_WARN_CONSTANT_CONVERSION = YES;
				CLANG_WARN_DEPRECATED_OBJC_IMPLEMENTATIONS = YES;
				CLANG_WARN_DIRECT_OBJC_ISA_USAGE = YES_ERROR;
				CLANG_WARN_DOCUMENTATION_COMMENTS = YES;
				CLANG_WARN_EMPTY_BODY = YES;
				CLANG_WARN_ENUM_CONVERSION = YES;
				CLANG_WARN_INFINITE_RECURSION = YES;
				CLANG_WARN_INT_CONVERSION = YES;
				CLANG_WARN_NON_LITERAL_NULL_CONVERSION = YES;
				CLANG_WARN_OBJC_IMPLICIT_RETAIN_SELF = YES;
				CLANG_WARN_OBJC_LITERAL_CONVERSION = YES;
				CLANG_WARN_OBJC_ROOT_CLASS = YES_ERROR;
				CLANG_WARN_QUOTED_INCLUDE_IN_FRAMEWORK_HEADER = YES;
				CLANG_WARN_RANGE_LOOP_ANALYSIS = YES;
				CLANG_WARN_STRICT_PROTOTYPES = YES;
				CLANG_WARN_SUSPICIOUS_MOVE = YES;
				CLANG_WARN_UNGUARDED_AVAILABILITY = YES_AGGRESSIVE;
				CLANG_WARN_UNREACHABLE_CODE = YES;
				CLANG_WARN__DUPLICATE_METHOD_MATCH = YES;
				COPY_PHASE_STRIP = NO;
				CURRENT_PROJECT_VERSION = 1;
				DEBUG_INFORMATION_FORMAT = "dwarf-with-dsym";
				ENABLE_NS_ASSERTIONS = NO;
				ENABLE_STRICT_OBJC_MSGSEND = YES;
				GCC_C_LANGUAGE_STANDARD = gnu11;
				GCC_NO_COMMON_BLOCKS = YES;
				GCC_WARN_64_TO_32_BIT_CONVERSION = YES;
				GCC_WARN_ABOUT_RETURN_TYPE = YES_ERROR;
				GCC_WARN_UNDECLARED_SELECTOR = YES;
				GCC_WARN_UNINITIALIZED_AUTOS = YES_AGGRESSIVE;
				GCC_WARN_UNUSED_FUNCTION = YES;
				GCC_WARN_UNUSED_VARIABLE = YES;
				IPHONEOS_DEPLOYMENT_TARGET = 12.1;
				MTL_ENABLE_DEBUG_INFO = NO;
				MTL_FAST_MATH = YES;
				SDKROOT = iphoneos;
				SWIFT_COMPILATION_MODE = wholemodule;
				SWIFT_OPTIMIZATION_LEVEL = "-O";
				VALIDATE_PRODUCT = YES;
				VERSIONING_SYSTEM = "apple-generic";
				VERSION_INFO_PREFIX = "";
			};
			name = Release;
		};
		B368BEC925EDDB610032AE52 /* Debug */ = {
			isa = XCBuildConfiguration;
			baseConfigurationReference = 711958501DD45FDFBD112FC6 /* Pods-TelnyxRTC.debug.xcconfig */;
			buildSettings = {
				CLANG_ENABLE_MODULES = YES;
				CODE_SIGN_STYLE = Automatic;
				DEFINES_MODULE = YES;
				DYLIB_COMPATIBILITY_VERSION = 1;
				DYLIB_CURRENT_VERSION = 1;
				DYLIB_INSTALL_NAME_BASE = "@rpath";
				ENABLE_BITCODE = NO;
				FRAMEWORK_SEARCH_PATHS = (
					"$(inherited)",
					"$(BUILD_PRODUCTS_DIR)/Starscream",
					"$(PROJECT_DIR)/Pods/GoogleWebRTC/Frameworks/frameworks",
				);
				INFOPLIST_FILE = "$(SRCROOT)/TelnyxRTC/Info.plist";
				INSTALL_PATH = "$(LOCAL_LIBRARY_DIR)/Frameworks";
				IPHONEOS_DEPLOYMENT_TARGET = 12.0;
				LD_RUNPATH_SEARCH_PATHS = (
					"$(inherited)",
					"@executable_path/Frameworks",
					"@loader_path/Frameworks",
					"$(BUILT_PRODUCTS_DIR)/Starscream",
				);
				MARKETING_VERSION = 0.1.13;
				PRODUCT_BUNDLE_IDENTIFIER = com.telnyx.WebRTCSDK;
				PRODUCT_NAME = "$(TARGET_NAME:c99extidentifier)";
				SKIP_INSTALL = YES;
				SUPPORTS_MACCATALYST = NO;
				SWIFT_OPTIMIZATION_LEVEL = "-Onone";
				SWIFT_VERSION = 5.0;
				TARGETED_DEVICE_FAMILY = 1;
				VALIDATE_WORKSPACE = YES;
			};
			name = Debug;
		};
		B368BECA25EDDB610032AE52 /* Release */ = {
			isa = XCBuildConfiguration;
			baseConfigurationReference = 064620D5372C98975322D84C /* Pods-TelnyxRTC.release.xcconfig */;
			buildSettings = {
				CLANG_ENABLE_MODULES = YES;
				CODE_SIGN_IDENTITY = "Apple Development";
				CODE_SIGN_STYLE = Automatic;
				DEFINES_MODULE = YES;
				DEVELOPMENT_TEAM = "";
				DYLIB_COMPATIBILITY_VERSION = 1;
				DYLIB_CURRENT_VERSION = 1;
				DYLIB_INSTALL_NAME_BASE = "@rpath";
				ENABLE_BITCODE = NO;
				FRAMEWORK_SEARCH_PATHS = "$(inherited)";
				INFOPLIST_FILE = "$(SRCROOT)/TelnyxRTC/Info.plist";
				INSTALL_PATH = "$(LOCAL_LIBRARY_DIR)/Frameworks";
				IPHONEOS_DEPLOYMENT_TARGET = 12.0;
				LD_RUNPATH_SEARCH_PATHS = (
					"$(inherited)",
					"@executable_path/Frameworks",
					"@loader_path/Frameworks",
				);
				MARKETING_VERSION = 0.1.13;
				PRODUCT_BUNDLE_IDENTIFIER = com.telnyx.WebRTCSDK;
				PRODUCT_NAME = "$(TARGET_NAME:c99extidentifier)";
				SKIP_INSTALL = YES;
				SUPPORTS_MACCATALYST = NO;
				SWIFT_VERSION = 5.0;
				TARGETED_DEVICE_FAMILY = 1;
				VALIDATE_WORKSPACE = YES;
			};
			name = Release;
		};
		B368BED925EDDBC90032AE52 /* Debug */ = {
			isa = XCBuildConfiguration;
			baseConfigurationReference = 00B066EA7AECA1E61F1CC13D /* Pods-TelnyxRTC-TelnyxRTCTests.debug.xcconfig */;
			buildSettings = {
				ALWAYS_EMBED_SWIFT_STANDARD_LIBRARIES = "$(inherited)";
				CODE_SIGN_STYLE = Automatic;
				INFOPLIST_FILE = TelnyxRTCTests/Info.plist;
				LD_RUNPATH_SEARCH_PATHS = (
					"$(inherited)",
					"@executable_path/Frameworks",
					"@loader_path/Frameworks",
				);
				PRODUCT_BUNDLE_IDENTIFIER = com.telnyx.TelnyxRTCTests;
				PRODUCT_NAME = "$(TARGET_NAME)";
				SWIFT_VERSION = 5.0;
				TARGETED_DEVICE_FAMILY = "1,2";
			};
			name = Debug;
		};
		B368BEDA25EDDBC90032AE52 /* Release */ = {
			isa = XCBuildConfiguration;
			baseConfigurationReference = 3F6CE2F8F9D0DBE4DA219605 /* Pods-TelnyxRTC-TelnyxRTCTests.release.xcconfig */;
			buildSettings = {
				ALWAYS_EMBED_SWIFT_STANDARD_LIBRARIES = "$(inherited)";
				CODE_SIGN_STYLE = Automatic;
				INFOPLIST_FILE = TelnyxRTCTests/Info.plist;
				LD_RUNPATH_SEARCH_PATHS = (
					"$(inherited)",
					"@executable_path/Frameworks",
					"@loader_path/Frameworks",
				);
				PRODUCT_BUNDLE_IDENTIFIER = com.telnyx.TelnyxRTCTests;
				PRODUCT_NAME = "$(TARGET_NAME)";
				SWIFT_VERSION = 5.0;
				TARGETED_DEVICE_FAMILY = "1,2";
			};
			name = Release;
		};
		B368BEFA25EDDD070032AE52 /* Debug */ = {
			isa = XCBuildConfiguration;
			baseConfigurationReference = 0BC0EF15A80C9BA767873075 /* Pods-TelnyxWebRTCDemo.debug.xcconfig */;
			buildSettings = {
				ASSETCATALOG_COMPILER_APPICON_NAME = AppIcon;
				ASSETCATALOG_COMPILER_GLOBAL_ACCENT_COLOR_NAME = AccentColor;
				CODE_SIGN_ENTITLEMENTS = TelnyxWebRTCDemo/TelnyxWebRTCDemo.entitlements;
				CODE_SIGN_STYLE = Automatic;
				CURRENT_PROJECT_VERSION = 18;
				DEVELOPMENT_TEAM = YKUVNPU9FS;
				ENABLE_BITCODE = NO;
				INFOPLIST_FILE = TelnyxWebRTCDemo/Info.plist;
				IPHONEOS_DEPLOYMENT_TARGET = 14.0;
				LD_RUNPATH_SEARCH_PATHS = (
					"$(inherited)",
					"@executable_path/Frameworks",
				);
				MARKETING_VERSION = 0.1.17;
				PRODUCT_BUNDLE_IDENTIFIER = com.telnyx.webrtcapp;
				PRODUCT_NAME = "$(TARGET_NAME)";
				SWIFT_VERSION = 5.0;
				TARGETED_DEVICE_FAMILY = 1;
			};
			name = Debug;
		};
		B368BEFB25EDDD070032AE52 /* Release */ = {
			isa = XCBuildConfiguration;
			baseConfigurationReference = 4DE56344987C90A16F102652 /* Pods-TelnyxWebRTCDemo.release.xcconfig */;
			buildSettings = {
				ASSETCATALOG_COMPILER_APPICON_NAME = AppIcon;
				ASSETCATALOG_COMPILER_GLOBAL_ACCENT_COLOR_NAME = AccentColor;
				CODE_SIGN_ENTITLEMENTS = TelnyxWebRTCDemo/TelnyxWebRTCDemo.entitlements;
				CODE_SIGN_STYLE = Automatic;
				CURRENT_PROJECT_VERSION = 18;
				DEVELOPMENT_TEAM = YKUVNPU9FS;
				ENABLE_BITCODE = NO;
				INFOPLIST_FILE = TelnyxWebRTCDemo/Info.plist;
				IPHONEOS_DEPLOYMENT_TARGET = 14.0;
				LD_RUNPATH_SEARCH_PATHS = (
					"$(inherited)",
					"@executable_path/Frameworks",
				);
				MARKETING_VERSION = 0.1.17;
				PRODUCT_BUNDLE_IDENTIFIER = com.telnyx.webrtcapp;
				PRODUCT_NAME = "$(TARGET_NAME)";
				SWIFT_VERSION = 5.0;
				TARGETED_DEVICE_FAMILY = 1;
			};
			name = Release;
		};
/* End XCBuildConfiguration section */

/* Begin XCConfigurationList section */
		B368BEBA25EDDB610032AE52 /* Build configuration list for PBXProject "TelnyxRTC" */ = {
			isa = XCConfigurationList;
			buildConfigurations = (
				B368BEC625EDDB610032AE52 /* Debug */,
				B368BEC725EDDB610032AE52 /* Release */,
			);
			defaultConfigurationIsVisible = 0;
			defaultConfigurationName = Release;
		};
		B368BEC825EDDB610032AE52 /* Build configuration list for PBXNativeTarget "TelnyxRTC" */ = {
			isa = XCConfigurationList;
			buildConfigurations = (
				B368BEC925EDDB610032AE52 /* Debug */,
				B368BECA25EDDB610032AE52 /* Release */,
			);
			defaultConfigurationIsVisible = 0;
			defaultConfigurationName = Release;
		};
		B368BEDB25EDDBC90032AE52 /* Build configuration list for PBXNativeTarget "TelnyxRTCTests" */ = {
			isa = XCConfigurationList;
			buildConfigurations = (
				B368BED925EDDBC90032AE52 /* Debug */,
				B368BEDA25EDDBC90032AE52 /* Release */,
			);
			defaultConfigurationIsVisible = 0;
			defaultConfigurationName = Release;
		};
		B368BEF925EDDD070032AE52 /* Build configuration list for PBXNativeTarget "TelnyxWebRTCDemo" */ = {
			isa = XCConfigurationList;
			buildConfigurations = (
				B368BEFA25EDDD070032AE52 /* Debug */,
				B368BEFB25EDDD070032AE52 /* Release */,
			);
			defaultConfigurationIsVisible = 0;
			defaultConfigurationName = Release;
		};
/* End XCConfigurationList section */
	};
	rootObject = B368BEB725EDDB610032AE52 /* Project object */;
}
