// !$*UTF8*$!
{
	archiveVersion = 1;
	classes = {
	};
	objectVersion = 51;
	objects = {

/* Begin PBXBuildFile section */
		56B8E2605929DA67793FF439 /* Pods_WebRTCSDK_WebRTCSDKTests.framework in Frameworks */ = {isa = PBXBuildFile; fileRef = D50D648ABF71AA9BE2F93889 /* Pods_WebRTCSDK_WebRTCSDKTests.framework */; };
		B309D13D25EF119E00A2AADF /* Starscream.framework in Frameworks */ = {isa = PBXBuildFile; fileRef = B309D11125EF107F00A2AADF /* Starscream.framework */; };
		B309D1D625F020B300A2AADF /* Message.swift in Sources */ = {isa = PBXBuildFile; fileRef = B309D1D525F020B300A2AADF /* Message.swift */; };
		B309D1DB25F020D400A2AADF /* Method.swift in Sources */ = {isa = PBXBuildFile; fileRef = B309D1DA25F020D400A2AADF /* Method.swift */; };
		B309D1E425F0240200A2AADF /* TxConfig.swift in Sources */ = {isa = PBXBuildFile; fileRef = B309D1E325F0240200A2AADF /* TxConfig.swift */; };
		B309D1EC25F024B900A2AADF /* LoginMessage.swift in Sources */ = {isa = PBXBuildFile; fileRef = B309D1EB25F024B900A2AADF /* LoginMessage.swift */; };
		B309D1FD25F0291100A2AADF /* UISettingsView.xib in Resources */ = {isa = PBXBuildFile; fileRef = B309D1FC25F0291100A2AADF /* UISettingsView.xib */; };
		B309D20225F0291B00A2AADF /* UISettingsView.swift in Sources */ = {isa = PBXBuildFile; fileRef = B309D20125F0291B00A2AADF /* UISettingsView.swift */; };
		B368BEC525EDDB610032AE52 /* WebRTCSDK.h in Headers */ = {isa = PBXBuildFile; fileRef = B368BEC325EDDB610032AE52 /* WebRTCSDK.h */; settings = {ATTRIBUTES = (Public, ); }; };
		B368BED425EDDBC90032AE52 /* WebRTCSDKTests.swift in Sources */ = {isa = PBXBuildFile; fileRef = B368BED325EDDBC90032AE52 /* WebRTCSDKTests.swift */; };
		B368BED625EDDBC90032AE52 /* WebRTCSDK.framework in Frameworks */ = {isa = PBXBuildFile; fileRef = B368BEC025EDDB610032AE52 /* WebRTCSDK.framework */; };
		B368BEE125EDDC7D0032AE52 /* TxClient.swift in Sources */ = {isa = PBXBuildFile; fileRef = B368BEE025EDDC7D0032AE52 /* TxClient.swift */; };
		B368BEEB25EDDD060032AE52 /* AppDelegate.swift in Sources */ = {isa = PBXBuildFile; fileRef = B368BEEA25EDDD060032AE52 /* AppDelegate.swift */; };
		B368BEED25EDDD060032AE52 /* SceneDelegate.swift in Sources */ = {isa = PBXBuildFile; fileRef = B368BEEC25EDDD060032AE52 /* SceneDelegate.swift */; };
		B368BEEF25EDDD060032AE52 /* ViewController.swift in Sources */ = {isa = PBXBuildFile; fileRef = B368BEEE25EDDD060032AE52 /* ViewController.swift */; };
		B368BEF225EDDD060032AE52 /* Main.storyboard in Resources */ = {isa = PBXBuildFile; fileRef = B368BEF025EDDD060032AE52 /* Main.storyboard */; };
		B368BEF425EDDD070032AE52 /* Assets.xcassets in Resources */ = {isa = PBXBuildFile; fileRef = B368BEF325EDDD070032AE52 /* Assets.xcassets */; };
		B368BEF725EDDD070032AE52 /* LaunchScreen.storyboard in Resources */ = {isa = PBXBuildFile; fileRef = B368BEF525EDDD070032AE52 /* LaunchScreen.storyboard */; };
		B3AF248025EE7B1F0062EDA9 /* TxClientDelegate.swift in Sources */ = {isa = PBXBuildFile; fileRef = B3AF247F25EE7B1F0062EDA9 /* TxClientDelegate.swift */; };
		B3AF248425EE7B6A0062EDA9 /* InternalConfig.swift in Sources */ = {isa = PBXBuildFile; fileRef = B3AF248325EE7B6A0062EDA9 /* InternalConfig.swift */; };
		B3AF248B25EE7C350062EDA9 /* Socket.swift in Sources */ = {isa = PBXBuildFile; fileRef = B3AF248A25EE7C350062EDA9 /* Socket.swift */; };
		B3AF249825EE7DC70062EDA9 /* SocketDelegate.swift in Sources */ = {isa = PBXBuildFile; fileRef = B3AF249725EE7DC70062EDA9 /* SocketDelegate.swift */; };
		B3AF24AA25EE84570062EDA9 /* UIViewControllerExtension.swift in Sources */ = {isa = PBXBuildFile; fileRef = B3AF24A925EE84570062EDA9 /* UIViewControllerExtension.swift */; };
		B3AF255625EEA6CD0062EDA9 /* Pods_WebRTCSDK.framework in Frameworks */ = {isa = PBXBuildFile; fileRef = 17397D6C67619E3AEBD7A4CA /* Pods_WebRTCSDK.framework */; };
		B3AF255F25EEA6EA0062EDA9 /* Pods_TelnyxWebRTCDemo.framework in Frameworks */ = {isa = PBXBuildFile; fileRef = 6831A164C510407EBB5A919B /* Pods_TelnyxWebRTCDemo.framework */; };
/* End PBXBuildFile section */

/* Begin PBXContainerItemProxy section */
		B368BED725EDDBC90032AE52 /* PBXContainerItemProxy */ = {
			isa = PBXContainerItemProxy;
			containerPortal = B368BEB725EDDB610032AE52 /* Project object */;
			proxyType = 1;
			remoteGlobalIDString = B368BEBF25EDDB610032AE52;
			remoteInfo = WebRTCSDK;
		};
/* End PBXContainerItemProxy section */

/* Begin PBXFileReference section */
		0DC90532A56B655C65D39178 /* Pods-TelnyxWebRTCDemo.debug.xcconfig */ = {isa = PBXFileReference; includeInIndex = 1; lastKnownFileType = text.xcconfig; name = "Pods-TelnyxWebRTCDemo.debug.xcconfig"; path = "Target Support Files/Pods-TelnyxWebRTCDemo/Pods-TelnyxWebRTCDemo.debug.xcconfig"; sourceTree = "<group>"; };
		17397D6C67619E3AEBD7A4CA /* Pods_WebRTCSDK.framework */ = {isa = PBXFileReference; explicitFileType = wrapper.framework; includeInIndex = 0; path = Pods_WebRTCSDK.framework; sourceTree = BUILT_PRODUCTS_DIR; };
		267CE692C9C5B406651B759D /* Pods-TelnyxWebRTCDemo.release.xcconfig */ = {isa = PBXFileReference; includeInIndex = 1; lastKnownFileType = text.xcconfig; name = "Pods-TelnyxWebRTCDemo.release.xcconfig"; path = "Target Support Files/Pods-TelnyxWebRTCDemo/Pods-TelnyxWebRTCDemo.release.xcconfig"; sourceTree = "<group>"; };
		6831A164C510407EBB5A919B /* Pods_TelnyxWebRTCDemo.framework */ = {isa = PBXFileReference; explicitFileType = wrapper.framework; includeInIndex = 0; path = Pods_TelnyxWebRTCDemo.framework; sourceTree = BUILT_PRODUCTS_DIR; };
		8E96401AF973E46333D8EBA8 /* Pods-WebRTCSDK.release.xcconfig */ = {isa = PBXFileReference; includeInIndex = 1; lastKnownFileType = text.xcconfig; name = "Pods-WebRTCSDK.release.xcconfig"; path = "Target Support Files/Pods-WebRTCSDK/Pods-WebRTCSDK.release.xcconfig"; sourceTree = "<group>"; };
		A0472DFA1A1C7F53CFD935C0 /* Pods-WebRTCSDK-WebRTCSDKTests.debug.xcconfig */ = {isa = PBXFileReference; includeInIndex = 1; lastKnownFileType = text.xcconfig; name = "Pods-WebRTCSDK-WebRTCSDKTests.debug.xcconfig"; path = "Target Support Files/Pods-WebRTCSDK-WebRTCSDKTests/Pods-WebRTCSDK-WebRTCSDKTests.debug.xcconfig"; sourceTree = "<group>"; };
		B309D11125EF107F00A2AADF /* Starscream.framework */ = {isa = PBXFileReference; explicitFileType = wrapper.framework; path = Starscream.framework; sourceTree = BUILT_PRODUCTS_DIR; };
		B309D1D525F020B300A2AADF /* Message.swift */ = {isa = PBXFileReference; lastKnownFileType = sourcecode.swift; path = Message.swift; sourceTree = "<group>"; };
		B309D1DA25F020D400A2AADF /* Method.swift */ = {isa = PBXFileReference; lastKnownFileType = sourcecode.swift; path = Method.swift; sourceTree = "<group>"; };
		B309D1E325F0240200A2AADF /* TxConfig.swift */ = {isa = PBXFileReference; lastKnownFileType = sourcecode.swift; path = TxConfig.swift; sourceTree = "<group>"; };
		B309D1EB25F024B900A2AADF /* LoginMessage.swift */ = {isa = PBXFileReference; lastKnownFileType = sourcecode.swift; path = LoginMessage.swift; sourceTree = "<group>"; };
		B309D1FC25F0291100A2AADF /* UISettingsView.xib */ = {isa = PBXFileReference; lastKnownFileType = file.xib; path = UISettingsView.xib; sourceTree = "<group>"; };
		B309D20125F0291B00A2AADF /* UISettingsView.swift */ = {isa = PBXFileReference; lastKnownFileType = sourcecode.swift; path = UISettingsView.swift; sourceTree = "<group>"; };
		B368BEC025EDDB610032AE52 /* WebRTCSDK.framework */ = {isa = PBXFileReference; explicitFileType = wrapper.framework; includeInIndex = 0; path = WebRTCSDK.framework; sourceTree = BUILT_PRODUCTS_DIR; };
		B368BEC325EDDB610032AE52 /* WebRTCSDK.h */ = {isa = PBXFileReference; lastKnownFileType = sourcecode.c.h; path = WebRTCSDK.h; sourceTree = "<group>"; };
		B368BEC425EDDB610032AE52 /* Info.plist */ = {isa = PBXFileReference; lastKnownFileType = text.plist.xml; path = Info.plist; sourceTree = "<group>"; };
		B368BED125EDDBC90032AE52 /* WebRTCSDKTests.xctest */ = {isa = PBXFileReference; explicitFileType = wrapper.cfbundle; includeInIndex = 0; path = WebRTCSDKTests.xctest; sourceTree = BUILT_PRODUCTS_DIR; };
		B368BED325EDDBC90032AE52 /* WebRTCSDKTests.swift */ = {isa = PBXFileReference; lastKnownFileType = sourcecode.swift; path = WebRTCSDKTests.swift; sourceTree = "<group>"; };
		B368BED525EDDBC90032AE52 /* Info.plist */ = {isa = PBXFileReference; lastKnownFileType = text.plist.xml; path = Info.plist; sourceTree = "<group>"; };
		B368BEE025EDDC7D0032AE52 /* TxClient.swift */ = {isa = PBXFileReference; lastKnownFileType = sourcecode.swift; path = TxClient.swift; sourceTree = "<group>"; };
		B368BEE825EDDD060032AE52 /* TelnyxWebRTCDemo.app */ = {isa = PBXFileReference; explicitFileType = wrapper.application; includeInIndex = 0; path = TelnyxWebRTCDemo.app; sourceTree = BUILT_PRODUCTS_DIR; };
		B368BEEA25EDDD060032AE52 /* AppDelegate.swift */ = {isa = PBXFileReference; lastKnownFileType = sourcecode.swift; path = AppDelegate.swift; sourceTree = "<group>"; };
		B368BEEC25EDDD060032AE52 /* SceneDelegate.swift */ = {isa = PBXFileReference; lastKnownFileType = sourcecode.swift; path = SceneDelegate.swift; sourceTree = "<group>"; };
		B368BEEE25EDDD060032AE52 /* ViewController.swift */ = {isa = PBXFileReference; lastKnownFileType = sourcecode.swift; path = ViewController.swift; sourceTree = "<group>"; };
		B368BEF125EDDD060032AE52 /* Base */ = {isa = PBXFileReference; lastKnownFileType = file.storyboard; name = Base; path = Base.lproj/Main.storyboard; sourceTree = "<group>"; };
		B368BEF325EDDD070032AE52 /* Assets.xcassets */ = {isa = PBXFileReference; lastKnownFileType = folder.assetcatalog; path = Assets.xcassets; sourceTree = "<group>"; };
		B368BEF625EDDD070032AE52 /* Base */ = {isa = PBXFileReference; lastKnownFileType = file.storyboard; name = Base; path = Base.lproj/LaunchScreen.storyboard; sourceTree = "<group>"; };
		B368BEF825EDDD070032AE52 /* Info.plist */ = {isa = PBXFileReference; lastKnownFileType = text.plist.xml; path = Info.plist; sourceTree = "<group>"; };
		B3AF247F25EE7B1F0062EDA9 /* TxClientDelegate.swift */ = {isa = PBXFileReference; lastKnownFileType = sourcecode.swift; path = TxClientDelegate.swift; sourceTree = "<group>"; };
		B3AF248325EE7B6A0062EDA9 /* InternalConfig.swift */ = {isa = PBXFileReference; lastKnownFileType = sourcecode.swift; path = InternalConfig.swift; sourceTree = "<group>"; };
		B3AF248A25EE7C350062EDA9 /* Socket.swift */ = {isa = PBXFileReference; lastKnownFileType = sourcecode.swift; path = Socket.swift; sourceTree = "<group>"; };
		B3AF249725EE7DC70062EDA9 /* SocketDelegate.swift */ = {isa = PBXFileReference; lastKnownFileType = sourcecode.swift; path = SocketDelegate.swift; sourceTree = "<group>"; };
		B3AF24A925EE84570062EDA9 /* UIViewControllerExtension.swift */ = {isa = PBXFileReference; lastKnownFileType = sourcecode.swift; path = UIViewControllerExtension.swift; sourceTree = "<group>"; };
		D50D648ABF71AA9BE2F93889 /* Pods_WebRTCSDK_WebRTCSDKTests.framework */ = {isa = PBXFileReference; explicitFileType = wrapper.framework; includeInIndex = 0; path = Pods_WebRTCSDK_WebRTCSDKTests.framework; sourceTree = BUILT_PRODUCTS_DIR; };
		DC9BC1EDFFF9036F8CB56E1E /* Pods-WebRTCSDK-WebRTCSDKTests.release.xcconfig */ = {isa = PBXFileReference; includeInIndex = 1; lastKnownFileType = text.xcconfig; name = "Pods-WebRTCSDK-WebRTCSDKTests.release.xcconfig"; path = "Target Support Files/Pods-WebRTCSDK-WebRTCSDKTests/Pods-WebRTCSDK-WebRTCSDKTests.release.xcconfig"; sourceTree = "<group>"; };
		E416E72A202EB8794769F5F1 /* Pods-WebRTCSDK.debug.xcconfig */ = {isa = PBXFileReference; includeInIndex = 1; lastKnownFileType = text.xcconfig; name = "Pods-WebRTCSDK.debug.xcconfig"; path = "Target Support Files/Pods-WebRTCSDK/Pods-WebRTCSDK.debug.xcconfig"; sourceTree = "<group>"; };
/* End PBXFileReference section */

/* Begin PBXFrameworksBuildPhase section */
		B368BEBD25EDDB610032AE52 /* Frameworks */ = {
			isa = PBXFrameworksBuildPhase;
			buildActionMask = 2147483647;
			files = (
				B3AF255625EEA6CD0062EDA9 /* Pods_WebRTCSDK.framework in Frameworks */,
				B309D13D25EF119E00A2AADF /* Starscream.framework in Frameworks */,
			);
			runOnlyForDeploymentPostprocessing = 0;
		};
		B368BECE25EDDBC90032AE52 /* Frameworks */ = {
			isa = PBXFrameworksBuildPhase;
			buildActionMask = 2147483647;
			files = (
				B368BED625EDDBC90032AE52 /* WebRTCSDK.framework in Frameworks */,
				56B8E2605929DA67793FF439 /* Pods_WebRTCSDK_WebRTCSDKTests.framework in Frameworks */,
			);
			runOnlyForDeploymentPostprocessing = 0;
		};
		B368BEE525EDDD060032AE52 /* Frameworks */ = {
			isa = PBXFrameworksBuildPhase;
			buildActionMask = 2147483647;
			files = (
				B3AF255F25EEA6EA0062EDA9 /* Pods_TelnyxWebRTCDemo.framework in Frameworks */,
			);
			runOnlyForDeploymentPostprocessing = 0;
		};
/* End PBXFrameworksBuildPhase section */

/* Begin PBXGroup section */
		8AB3A6A2ADA6A9FAC6C77491 /* Pods */ = {
			isa = PBXGroup;
			children = (
				0DC90532A56B655C65D39178 /* Pods-TelnyxWebRTCDemo.debug.xcconfig */,
				267CE692C9C5B406651B759D /* Pods-TelnyxWebRTCDemo.release.xcconfig */,
				E416E72A202EB8794769F5F1 /* Pods-WebRTCSDK.debug.xcconfig */,
				8E96401AF973E46333D8EBA8 /* Pods-WebRTCSDK.release.xcconfig */,
				A0472DFA1A1C7F53CFD935C0 /* Pods-WebRTCSDK-WebRTCSDKTests.debug.xcconfig */,
				DC9BC1EDFFF9036F8CB56E1E /* Pods-WebRTCSDK-WebRTCSDKTests.release.xcconfig */,
			);
			path = Pods;
			sourceTree = "<group>";
		};
		B309D1D425F020A300A2AADF /* Verto */ = {
			isa = PBXGroup;
			children = (
				B309D1DA25F020D400A2AADF /* Method.swift */,
				B309D1D525F020B300A2AADF /* Message.swift */,
				B309D1EB25F024B900A2AADF /* LoginMessage.swift */,
			);
			path = Verto;
			sourceTree = "<group>";
		};
		B309D1E225F023F400A2AADF /* Models */ = {
			isa = PBXGroup;
			children = (
				B309D1E325F0240200A2AADF /* TxConfig.swift */,
			);
			path = Models;
			sourceTree = "<group>";
		};
		B309D1FB25F028F100A2AADF /* Views */ = {
			isa = PBXGroup;
			children = (
				B309D1FC25F0291100A2AADF /* UISettingsView.xib */,
				B309D20125F0291B00A2AADF /* UISettingsView.swift */,
			);
			path = Views;
			sourceTree = "<group>";
		};
		B368BEB625EDDB610032AE52 = {
			isa = PBXGroup;
			children = (
				B368BEC225EDDB610032AE52 /* WebRTCSDK */,
				B368BED225EDDBC90032AE52 /* WebRTCSDKTests */,
				B368BEE925EDDD060032AE52 /* TelnyxWebRTCDemo */,
				B368BEC125EDDB610032AE52 /* Products */,
				8AB3A6A2ADA6A9FAC6C77491 /* Pods */,
				EA45B40E24738E41F9F44AA0 /* Frameworks */,
			);
			sourceTree = "<group>";
		};
		B368BEC125EDDB610032AE52 /* Products */ = {
			isa = PBXGroup;
			children = (
				B368BEC025EDDB610032AE52 /* WebRTCSDK.framework */,
				B368BED125EDDBC90032AE52 /* WebRTCSDKTests.xctest */,
				B368BEE825EDDD060032AE52 /* TelnyxWebRTCDemo.app */,
			);
			name = Products;
			sourceTree = "<group>";
		};
		B368BEC225EDDB610032AE52 /* WebRTCSDK */ = {
			isa = PBXGroup;
			children = (
				B368BF5225EE71A20032AE52 /* Telnyx */,
				B368BEC325EDDB610032AE52 /* WebRTCSDK.h */,
				B368BEC425EDDB610032AE52 /* Info.plist */,
			);
			path = WebRTCSDK;
			sourceTree = "<group>";
		};
		B368BED225EDDBC90032AE52 /* WebRTCSDKTests */ = {
			isa = PBXGroup;
			children = (
				B368BED325EDDBC90032AE52 /* WebRTCSDKTests.swift */,
				B368BED525EDDBC90032AE52 /* Info.plist */,
			);
			path = WebRTCSDKTests;
			sourceTree = "<group>";
		};
		B368BEE925EDDD060032AE52 /* TelnyxWebRTCDemo */ = {
			isa = PBXGroup;
			children = (
				B309D1FB25F028F100A2AADF /* Views */,
				B3AF24A825EE84410062EDA9 /* Extensions */,
				B368BEEA25EDDD060032AE52 /* AppDelegate.swift */,
				B368BEEC25EDDD060032AE52 /* SceneDelegate.swift */,
				B368BEEE25EDDD060032AE52 /* ViewController.swift */,
				B368BEF025EDDD060032AE52 /* Main.storyboard */,
				B368BEF325EDDD070032AE52 /* Assets.xcassets */,
				B368BEF525EDDD070032AE52 /* LaunchScreen.storyboard */,
				B368BEF825EDDD070032AE52 /* Info.plist */,
			);
			path = TelnyxWebRTCDemo;
			sourceTree = "<group>";
		};
		B368BF5225EE71A20032AE52 /* Telnyx */ = {
			isa = PBXGroup;
			children = (
				B309D1E225F023F400A2AADF /* Models */,
				B309D1D425F020A300A2AADF /* Verto */,
				B3AF248925EE7C0D0062EDA9 /* Services */,
				B368BEE025EDDC7D0032AE52 /* TxClient.swift */,
				B3AF247F25EE7B1F0062EDA9 /* TxClientDelegate.swift */,
				B3AF248325EE7B6A0062EDA9 /* InternalConfig.swift */,
			);
			path = Telnyx;
			sourceTree = "<group>";
		};
		B3AF248925EE7C0D0062EDA9 /* Services */ = {
			isa = PBXGroup;
			children = (
				B3AF248A25EE7C350062EDA9 /* Socket.swift */,
				B3AF249725EE7DC70062EDA9 /* SocketDelegate.swift */,
			);
			path = Services;
			sourceTree = "<group>";
		};
		B3AF24A825EE84410062EDA9 /* Extensions */ = {
			isa = PBXGroup;
			children = (
				B3AF24A925EE84570062EDA9 /* UIViewControllerExtension.swift */,
			);
			path = Extensions;
			sourceTree = "<group>";
		};
		EA45B40E24738E41F9F44AA0 /* Frameworks */ = {
			isa = PBXGroup;
			children = (
				B309D11125EF107F00A2AADF /* Starscream.framework */,
				6831A164C510407EBB5A919B /* Pods_TelnyxWebRTCDemo.framework */,
				17397D6C67619E3AEBD7A4CA /* Pods_WebRTCSDK.framework */,
				D50D648ABF71AA9BE2F93889 /* Pods_WebRTCSDK_WebRTCSDKTests.framework */,
			);
			name = Frameworks;
			sourceTree = "<group>";
		};
/* End PBXGroup section */

/* Begin PBXHeadersBuildPhase section */
		B368BEBB25EDDB610032AE52 /* Headers */ = {
			isa = PBXHeadersBuildPhase;
			buildActionMask = 2147483647;
			files = (
				B368BEC525EDDB610032AE52 /* WebRTCSDK.h in Headers */,
			);
			runOnlyForDeploymentPostprocessing = 0;
		};
/* End PBXHeadersBuildPhase section */

/* Begin PBXNativeTarget section */
		B368BEBF25EDDB610032AE52 /* WebRTCSDK */ = {
			isa = PBXNativeTarget;
			buildConfigurationList = B368BEC825EDDB610032AE52 /* Build configuration list for PBXNativeTarget "WebRTCSDK" */;
			buildPhases = (
				CE15D24FDC4D3B3CCD548C73 /* [CP] Check Pods Manifest.lock */,
				B368BEBB25EDDB610032AE52 /* Headers */,
				B368BEBC25EDDB610032AE52 /* Sources */,
				B368BEBD25EDDB610032AE52 /* Frameworks */,
				B368BEBE25EDDB610032AE52 /* Resources */,
			);
			buildRules = (
			);
			dependencies = (
			);
			name = WebRTCSDK;
			productName = WebRTCSDK;
			productReference = B368BEC025EDDB610032AE52 /* WebRTCSDK.framework */;
			productType = "com.apple.product-type.framework";
		};
		B368BED025EDDBC90032AE52 /* WebRTCSDKTests */ = {
			isa = PBXNativeTarget;
			buildConfigurationList = B368BEDB25EDDBC90032AE52 /* Build configuration list for PBXNativeTarget "WebRTCSDKTests" */;
			buildPhases = (
				78305366734A6627222D6CC8 /* [CP] Check Pods Manifest.lock */,
				B368BECD25EDDBC90032AE52 /* Sources */,
				B368BECE25EDDBC90032AE52 /* Frameworks */,
				B368BECF25EDDBC90032AE52 /* Resources */,
				4F30CE38FF0BBD3FA4073E54 /* [CP] Embed Pods Frameworks */,
			);
			buildRules = (
			);
			dependencies = (
				B368BED825EDDBC90032AE52 /* PBXTargetDependency */,
			);
			name = WebRTCSDKTests;
			productName = WebRTCSDKTests;
			productReference = B368BED125EDDBC90032AE52 /* WebRTCSDKTests.xctest */;
			productType = "com.apple.product-type.bundle.unit-test";
		};
		B368BEE725EDDD060032AE52 /* TelnyxWebRTCDemo */ = {
			isa = PBXNativeTarget;
			buildConfigurationList = B368BEF925EDDD070032AE52 /* Build configuration list for PBXNativeTarget "TelnyxWebRTCDemo" */;
			buildPhases = (
				FDC1E2FDD8D07601DF902ADE /* [CP] Check Pods Manifest.lock */,
				B368BEE425EDDD060032AE52 /* Sources */,
				B368BEE525EDDD060032AE52 /* Frameworks */,
				B368BEE625EDDD060032AE52 /* Resources */,
				E2C9802024A3BCEF0C7ED085 /* [CP] Embed Pods Frameworks */,
			);
			buildRules = (
			);
			dependencies = (
			);
			name = TelnyxWebRTCDemo;
			productName = TelnyxWebRTCDemo;
			productReference = B368BEE825EDDD060032AE52 /* TelnyxWebRTCDemo.app */;
			productType = "com.apple.product-type.application";
		};
/* End PBXNativeTarget section */

/* Begin PBXProject section */
		B368BEB725EDDB610032AE52 /* Project object */ = {
			isa = PBXProject;
			attributes = {
				LastSwiftUpdateCheck = 1220;
				LastUpgradeCheck = 1220;
				TargetAttributes = {
					B368BEBF25EDDB610032AE52 = {
						CreatedOnToolsVersion = 12.2;
						LastSwiftMigration = 1220;
					};
					B368BED025EDDBC90032AE52 = {
						CreatedOnToolsVersion = 12.2;
					};
					B368BEE725EDDD060032AE52 = {
						CreatedOnToolsVersion = 12.2;
					};
				};
			};
			buildConfigurationList = B368BEBA25EDDB610032AE52 /* Build configuration list for PBXProject "WebRTCSDK" */;
			compatibilityVersion = "Xcode 9.3";
			developmentRegion = en;
			hasScannedForEncodings = 0;
			knownRegions = (
				en,
				Base,
			);
			mainGroup = B368BEB625EDDB610032AE52;
			productRefGroup = B368BEC125EDDB610032AE52 /* Products */;
			projectDirPath = "";
			projectRoot = "";
			targets = (
				B368BEBF25EDDB610032AE52 /* WebRTCSDK */,
				B368BED025EDDBC90032AE52 /* WebRTCSDKTests */,
				B368BEE725EDDD060032AE52 /* TelnyxWebRTCDemo */,
			);
		};
/* End PBXProject section */

/* Begin PBXResourcesBuildPhase section */
		B368BEBE25EDDB610032AE52 /* Resources */ = {
			isa = PBXResourcesBuildPhase;
			buildActionMask = 2147483647;
			files = (
			);
			runOnlyForDeploymentPostprocessing = 0;
		};
		B368BECF25EDDBC90032AE52 /* Resources */ = {
			isa = PBXResourcesBuildPhase;
			buildActionMask = 2147483647;
			files = (
			);
			runOnlyForDeploymentPostprocessing = 0;
		};
		B368BEE625EDDD060032AE52 /* Resources */ = {
			isa = PBXResourcesBuildPhase;
			buildActionMask = 2147483647;
			files = (
				B368BEF725EDDD070032AE52 /* LaunchScreen.storyboard in Resources */,
				B309D1FD25F0291100A2AADF /* UISettingsView.xib in Resources */,
				B368BEF425EDDD070032AE52 /* Assets.xcassets in Resources */,
				B368BEF225EDDD060032AE52 /* Main.storyboard in Resources */,
			);
			runOnlyForDeploymentPostprocessing = 0;
		};
/* End PBXResourcesBuildPhase section */

/* Begin PBXShellScriptBuildPhase section */
		4F30CE38FF0BBD3FA4073E54 /* [CP] Embed Pods Frameworks */ = {
			isa = PBXShellScriptBuildPhase;
			buildActionMask = 2147483647;
			files = (
			);
			inputFileListPaths = (
				"${PODS_ROOT}/Target Support Files/Pods-WebRTCSDK-WebRTCSDKTests/Pods-WebRTCSDK-WebRTCSDKTests-frameworks-${CONFIGURATION}-input-files.xcfilelist",
			);
			name = "[CP] Embed Pods Frameworks";
			outputFileListPaths = (
				"${PODS_ROOT}/Target Support Files/Pods-WebRTCSDK-WebRTCSDKTests/Pods-WebRTCSDK-WebRTCSDKTests-frameworks-${CONFIGURATION}-output-files.xcfilelist",
			);
			runOnlyForDeploymentPostprocessing = 0;
			shellPath = /bin/sh;
			shellScript = "\"${PODS_ROOT}/Target Support Files/Pods-WebRTCSDK-WebRTCSDKTests/Pods-WebRTCSDK-WebRTCSDKTests-frameworks.sh\"\n";
			showEnvVarsInLog = 0;
		};
		78305366734A6627222D6CC8 /* [CP] Check Pods Manifest.lock */ = {
			isa = PBXShellScriptBuildPhase;
			buildActionMask = 2147483647;
			files = (
			);
			inputFileListPaths = (
			);
			inputPaths = (
				"${PODS_PODFILE_DIR_PATH}/Podfile.lock",
				"${PODS_ROOT}/Manifest.lock",
			);
			name = "[CP] Check Pods Manifest.lock";
			outputFileListPaths = (
			);
			outputPaths = (
				"$(DERIVED_FILE_DIR)/Pods-WebRTCSDK-WebRTCSDKTests-checkManifestLockResult.txt",
			);
			runOnlyForDeploymentPostprocessing = 0;
			shellPath = /bin/sh;
			shellScript = "diff \"${PODS_PODFILE_DIR_PATH}/Podfile.lock\" \"${PODS_ROOT}/Manifest.lock\" > /dev/null\nif [ $? != 0 ] ; then\n    # print error to STDERR\n    echo \"error: The sandbox is not in sync with the Podfile.lock. Run 'pod install' or update your CocoaPods installation.\" >&2\n    exit 1\nfi\n# This output is used by Xcode 'outputs' to avoid re-running this script phase.\necho \"SUCCESS\" > \"${SCRIPT_OUTPUT_FILE_0}\"\n";
			showEnvVarsInLog = 0;
		};
		CE15D24FDC4D3B3CCD548C73 /* [CP] Check Pods Manifest.lock */ = {
			isa = PBXShellScriptBuildPhase;
			buildActionMask = 2147483647;
			files = (
			);
			inputFileListPaths = (
			);
			inputPaths = (
				"${PODS_PODFILE_DIR_PATH}/Podfile.lock",
				"${PODS_ROOT}/Manifest.lock",
			);
			name = "[CP] Check Pods Manifest.lock";
			outputFileListPaths = (
			);
			outputPaths = (
				"$(DERIVED_FILE_DIR)/Pods-WebRTCSDK-checkManifestLockResult.txt",
			);
			runOnlyForDeploymentPostprocessing = 0;
			shellPath = /bin/sh;
			shellScript = "diff \"${PODS_PODFILE_DIR_PATH}/Podfile.lock\" \"${PODS_ROOT}/Manifest.lock\" > /dev/null\nif [ $? != 0 ] ; then\n    # print error to STDERR\n    echo \"error: The sandbox is not in sync with the Podfile.lock. Run 'pod install' or update your CocoaPods installation.\" >&2\n    exit 1\nfi\n# This output is used by Xcode 'outputs' to avoid re-running this script phase.\necho \"SUCCESS\" > \"${SCRIPT_OUTPUT_FILE_0}\"\n";
			showEnvVarsInLog = 0;
		};
		E2C9802024A3BCEF0C7ED085 /* [CP] Embed Pods Frameworks */ = {
			isa = PBXShellScriptBuildPhase;
			buildActionMask = 2147483647;
			files = (
			);
			inputFileListPaths = (
				"${PODS_ROOT}/Target Support Files/Pods-TelnyxWebRTCDemo/Pods-TelnyxWebRTCDemo-frameworks-${CONFIGURATION}-input-files.xcfilelist",
			);
			name = "[CP] Embed Pods Frameworks";
			outputFileListPaths = (
				"${PODS_ROOT}/Target Support Files/Pods-TelnyxWebRTCDemo/Pods-TelnyxWebRTCDemo-frameworks-${CONFIGURATION}-output-files.xcfilelist",
			);
			runOnlyForDeploymentPostprocessing = 0;
			shellPath = /bin/sh;
			shellScript = "\"${PODS_ROOT}/Target Support Files/Pods-TelnyxWebRTCDemo/Pods-TelnyxWebRTCDemo-frameworks.sh\"\n";
			showEnvVarsInLog = 0;
		};
		FDC1E2FDD8D07601DF902ADE /* [CP] Check Pods Manifest.lock */ = {
			isa = PBXShellScriptBuildPhase;
			buildActionMask = 2147483647;
			files = (
			);
			inputFileListPaths = (
			);
			inputPaths = (
				"${PODS_PODFILE_DIR_PATH}/Podfile.lock",
				"${PODS_ROOT}/Manifest.lock",
			);
			name = "[CP] Check Pods Manifest.lock";
			outputFileListPaths = (
			);
			outputPaths = (
				"$(DERIVED_FILE_DIR)/Pods-TelnyxWebRTCDemo-checkManifestLockResult.txt",
			);
			runOnlyForDeploymentPostprocessing = 0;
			shellPath = /bin/sh;
			shellScript = "diff \"${PODS_PODFILE_DIR_PATH}/Podfile.lock\" \"${PODS_ROOT}/Manifest.lock\" > /dev/null\nif [ $? != 0 ] ; then\n    # print error to STDERR\n    echo \"error: The sandbox is not in sync with the Podfile.lock. Run 'pod install' or update your CocoaPods installation.\" >&2\n    exit 1\nfi\n# This output is used by Xcode 'outputs' to avoid re-running this script phase.\necho \"SUCCESS\" > \"${SCRIPT_OUTPUT_FILE_0}\"\n";
			showEnvVarsInLog = 0;
		};
/* End PBXShellScriptBuildPhase section */

/* Begin PBXSourcesBuildPhase section */
		B368BEBC25EDDB610032AE52 /* Sources */ = {
			isa = PBXSourcesBuildPhase;
			buildActionMask = 2147483647;
			files = (
				B3AF248B25EE7C350062EDA9 /* Socket.swift in Sources */,
				B309D1DB25F020D400A2AADF /* Method.swift in Sources */,
				B368BEE125EDDC7D0032AE52 /* TxClient.swift in Sources */,
				B309D1E425F0240200A2AADF /* TxConfig.swift in Sources */,
				B3AF248025EE7B1F0062EDA9 /* TxClientDelegate.swift in Sources */,
				B309D1D625F020B300A2AADF /* Message.swift in Sources */,
				B3AF249825EE7DC70062EDA9 /* SocketDelegate.swift in Sources */,
				B309D1EC25F024B900A2AADF /* LoginMessage.swift in Sources */,
				B3AF248425EE7B6A0062EDA9 /* InternalConfig.swift in Sources */,
			);
			runOnlyForDeploymentPostprocessing = 0;
		};
		B368BECD25EDDBC90032AE52 /* Sources */ = {
			isa = PBXSourcesBuildPhase;
			buildActionMask = 2147483647;
			files = (
				B368BED425EDDBC90032AE52 /* WebRTCSDKTests.swift in Sources */,
			);
			runOnlyForDeploymentPostprocessing = 0;
		};
		B368BEE425EDDD060032AE52 /* Sources */ = {
			isa = PBXSourcesBuildPhase;
			buildActionMask = 2147483647;
			files = (
				B3AF24AA25EE84570062EDA9 /* UIViewControllerExtension.swift in Sources */,
				B368BEEF25EDDD060032AE52 /* ViewController.swift in Sources */,
				B368BEEB25EDDD060032AE52 /* AppDelegate.swift in Sources */,
				B368BEED25EDDD060032AE52 /* SceneDelegate.swift in Sources */,
				B309D20225F0291B00A2AADF /* UISettingsView.swift in Sources */,
			);
			runOnlyForDeploymentPostprocessing = 0;
		};
/* End PBXSourcesBuildPhase section */

/* Begin PBXTargetDependency section */
		B368BED825EDDBC90032AE52 /* PBXTargetDependency */ = {
			isa = PBXTargetDependency;
			target = B368BEBF25EDDB610032AE52 /* WebRTCSDK */;
			targetProxy = B368BED725EDDBC90032AE52 /* PBXContainerItemProxy */;
		};
/* End PBXTargetDependency section */

/* Begin PBXVariantGroup section */
		B368BEF025EDDD060032AE52 /* Main.storyboard */ = {
			isa = PBXVariantGroup;
			children = (
				B368BEF125EDDD060032AE52 /* Base */,
			);
			name = Main.storyboard;
			sourceTree = "<group>";
		};
		B368BEF525EDDD070032AE52 /* LaunchScreen.storyboard */ = {
			isa = PBXVariantGroup;
			children = (
				B368BEF625EDDD070032AE52 /* Base */,
			);
			name = LaunchScreen.storyboard;
			sourceTree = "<group>";
		};
/* End PBXVariantGroup section */

/* Begin XCBuildConfiguration section */
		B368BEC625EDDB610032AE52 /* Debug */ = {
			isa = XCBuildConfiguration;
			buildSettings = {
				ALWAYS_SEARCH_USER_PATHS = NO;
				CLANG_ANALYZER_NONNULL = YES;
				CLANG_ANALYZER_NUMBER_OBJECT_CONVERSION = YES_AGGRESSIVE;
				CLANG_CXX_LANGUAGE_STANDARD = "gnu++14";
				CLANG_CXX_LIBRARY = "libc++";
				CLANG_ENABLE_MODULES = YES;
				CLANG_ENABLE_OBJC_ARC = YES;
				CLANG_ENABLE_OBJC_WEAK = YES;
				CLANG_WARN_BLOCK_CAPTURE_AUTORELEASING = YES;
				CLANG_WARN_BOOL_CONVERSION = YES;
				CLANG_WARN_COMMA = YES;
				CLANG_WARN_CONSTANT_CONVERSION = YES;
				CLANG_WARN_DEPRECATED_OBJC_IMPLEMENTATIONS = YES;
				CLANG_WARN_DIRECT_OBJC_ISA_USAGE = YES_ERROR;
				CLANG_WARN_DOCUMENTATION_COMMENTS = YES;
				CLANG_WARN_EMPTY_BODY = YES;
				CLANG_WARN_ENUM_CONVERSION = YES;
				CLANG_WARN_INFINITE_RECURSION = YES;
				CLANG_WARN_INT_CONVERSION = YES;
				CLANG_WARN_NON_LITERAL_NULL_CONVERSION = YES;
				CLANG_WARN_OBJC_IMPLICIT_RETAIN_SELF = YES;
				CLANG_WARN_OBJC_LITERAL_CONVERSION = YES;
				CLANG_WARN_OBJC_ROOT_CLASS = YES_ERROR;
				CLANG_WARN_QUOTED_INCLUDE_IN_FRAMEWORK_HEADER = YES;
				CLANG_WARN_RANGE_LOOP_ANALYSIS = YES;
				CLANG_WARN_STRICT_PROTOTYPES = YES;
				CLANG_WARN_SUSPICIOUS_MOVE = YES;
				CLANG_WARN_UNGUARDED_AVAILABILITY = YES_AGGRESSIVE;
				CLANG_WARN_UNREACHABLE_CODE = YES;
				CLANG_WARN__DUPLICATE_METHOD_MATCH = YES;
				COPY_PHASE_STRIP = NO;
				CURRENT_PROJECT_VERSION = 1;
				DEBUG_INFORMATION_FORMAT = dwarf;
				ENABLE_STRICT_OBJC_MSGSEND = YES;
				ENABLE_TESTABILITY = YES;
				GCC_C_LANGUAGE_STANDARD = gnu11;
				GCC_DYNAMIC_NO_PIC = NO;
				GCC_NO_COMMON_BLOCKS = YES;
				GCC_OPTIMIZATION_LEVEL = 0;
				GCC_PREPROCESSOR_DEFINITIONS = (
					"DEBUG=1",
					"$(inherited)",
				);
				GCC_WARN_64_TO_32_BIT_CONVERSION = YES;
				GCC_WARN_ABOUT_RETURN_TYPE = YES_ERROR;
				GCC_WARN_UNDECLARED_SELECTOR = YES;
				GCC_WARN_UNINITIALIZED_AUTOS = YES_AGGRESSIVE;
				GCC_WARN_UNUSED_FUNCTION = YES;
				GCC_WARN_UNUSED_VARIABLE = YES;
				IPHONEOS_DEPLOYMENT_TARGET = 14.2;
				MTL_ENABLE_DEBUG_INFO = INCLUDE_SOURCE;
				MTL_FAST_MATH = YES;
				ONLY_ACTIVE_ARCH = YES;
				SDKROOT = iphoneos;
				SWIFT_ACTIVE_COMPILATION_CONDITIONS = DEBUG;
				SWIFT_OPTIMIZATION_LEVEL = "-Onone";
				VERSIONING_SYSTEM = "apple-generic";
				VERSION_INFO_PREFIX = "";
			};
			name = Debug;
		};
		B368BEC725EDDB610032AE52 /* Release */ = {
			isa = XCBuildConfiguration;
			buildSettings = {
				ALWAYS_SEARCH_USER_PATHS = NO;
				CLANG_ANALYZER_NONNULL = YES;
				CLANG_ANALYZER_NUMBER_OBJECT_CONVERSION = YES_AGGRESSIVE;
				CLANG_CXX_LANGUAGE_STANDARD = "gnu++14";
				CLANG_CXX_LIBRARY = "libc++";
				CLANG_ENABLE_MODULES = YES;
				CLANG_ENABLE_OBJC_ARC = YES;
				CLANG_ENABLE_OBJC_WEAK = YES;
				CLANG_WARN_BLOCK_CAPTURE_AUTORELEASING = YES;
				CLANG_WARN_BOOL_CONVERSION = YES;
				CLANG_WARN_COMMA = YES;
				CLANG_WARN_CONSTANT_CONVERSION = YES;
				CLANG_WARN_DEPRECATED_OBJC_IMPLEMENTATIONS = YES;
				CLANG_WARN_DIRECT_OBJC_ISA_USAGE = YES_ERROR;
				CLANG_WARN_DOCUMENTATION_COMMENTS = YES;
				CLANG_WARN_EMPTY_BODY = YES;
				CLANG_WARN_ENUM_CONVERSION = YES;
				CLANG_WARN_INFINITE_RECURSION = YES;
				CLANG_WARN_INT_CONVERSION = YES;
				CLANG_WARN_NON_LITERAL_NULL_CONVERSION = YES;
				CLANG_WARN_OBJC_IMPLICIT_RETAIN_SELF = YES;
				CLANG_WARN_OBJC_LITERAL_CONVERSION = YES;
				CLANG_WARN_OBJC_ROOT_CLASS = YES_ERROR;
				CLANG_WARN_QUOTED_INCLUDE_IN_FRAMEWORK_HEADER = YES;
				CLANG_WARN_RANGE_LOOP_ANALYSIS = YES;
				CLANG_WARN_STRICT_PROTOTYPES = YES;
				CLANG_WARN_SUSPICIOUS_MOVE = YES;
				CLANG_WARN_UNGUARDED_AVAILABILITY = YES_AGGRESSIVE;
				CLANG_WARN_UNREACHABLE_CODE = YES;
				CLANG_WARN__DUPLICATE_METHOD_MATCH = YES;
				COPY_PHASE_STRIP = NO;
				CURRENT_PROJECT_VERSION = 1;
				DEBUG_INFORMATION_FORMAT = "dwarf-with-dsym";
				ENABLE_NS_ASSERTIONS = NO;
				ENABLE_STRICT_OBJC_MSGSEND = YES;
				GCC_C_LANGUAGE_STANDARD = gnu11;
				GCC_NO_COMMON_BLOCKS = YES;
				GCC_WARN_64_TO_32_BIT_CONVERSION = YES;
				GCC_WARN_ABOUT_RETURN_TYPE = YES_ERROR;
				GCC_WARN_UNDECLARED_SELECTOR = YES;
				GCC_WARN_UNINITIALIZED_AUTOS = YES_AGGRESSIVE;
				GCC_WARN_UNUSED_FUNCTION = YES;
				GCC_WARN_UNUSED_VARIABLE = YES;
				IPHONEOS_DEPLOYMENT_TARGET = 14.2;
				MTL_ENABLE_DEBUG_INFO = NO;
				MTL_FAST_MATH = YES;
				SDKROOT = iphoneos;
				SWIFT_COMPILATION_MODE = wholemodule;
				SWIFT_OPTIMIZATION_LEVEL = "-O";
				VALIDATE_PRODUCT = YES;
				VERSIONING_SYSTEM = "apple-generic";
				VERSION_INFO_PREFIX = "";
			};
			name = Release;
		};
		B368BEC925EDDB610032AE52 /* Debug */ = {
			isa = XCBuildConfiguration;
			baseConfigurationReference = E416E72A202EB8794769F5F1 /* Pods-WebRTCSDK.debug.xcconfig */;
			buildSettings = {
				CLANG_ENABLE_MODULES = YES;
				CODE_SIGN_STYLE = Automatic;
				DEFINES_MODULE = YES;
				DYLIB_COMPATIBILITY_VERSION = 1;
				DYLIB_CURRENT_VERSION = 1;
				DYLIB_INSTALL_NAME_BASE = "@rpath";
				FRAMEWORK_SEARCH_PATHS = (
					"$(inherited)",
					"$(BUILD_PRODUCTS_DIR)/Starscream",
				);
				INFOPLIST_FILE = WebRTCSDK/Info.plist;
				INSTALL_PATH = "$(LOCAL_LIBRARY_DIR)/Frameworks";
				LD_RUNPATH_SEARCH_PATHS = (
					"$(inherited)",
					"@executable_path/Frameworks",
					"@loader_path/Frameworks",
					"$(BUILT_PRODUCTS_DIR)/Starscream",
				);
				PRODUCT_BUNDLE_IDENTIFIER = com.telnyx.WebRTCSDK;
				PRODUCT_NAME = "$(TARGET_NAME:c99extidentifier)";
				SKIP_INSTALL = YES;
				SUPPORTS_MACCATALYST = NO;
				SWIFT_OPTIMIZATION_LEVEL = "-Onone";
				SWIFT_VERSION = 5.0;
				TARGETED_DEVICE_FAMILY = 1;
			};
			name = Debug;
		};
		B368BECA25EDDB610032AE52 /* Release */ = {
			isa = XCBuildConfiguration;
			baseConfigurationReference = 8E96401AF973E46333D8EBA8 /* Pods-WebRTCSDK.release.xcconfig */;
			buildSettings = {
				CLANG_ENABLE_MODULES = YES;
				CODE_SIGN_STYLE = Automatic;
				DEFINES_MODULE = YES;
				DYLIB_COMPATIBILITY_VERSION = 1;
				DYLIB_CURRENT_VERSION = 1;
				DYLIB_INSTALL_NAME_BASE = "@rpath";
				FRAMEWORK_SEARCH_PATHS = (
					"$(inherited)",
					"$(BUILD_PRODUCTS_DIR)/Starscream",
				);
				INFOPLIST_FILE = WebRTCSDK/Info.plist;
				INSTALL_PATH = "$(LOCAL_LIBRARY_DIR)/Frameworks";
				LD_RUNPATH_SEARCH_PATHS = (
					"$(inherited)",
					"@executable_path/Frameworks",
					"@loader_path/Frameworks",
					"$(BUILT_PRODUCTS_DIR)/Starscream",
				);
				PRODUCT_BUNDLE_IDENTIFIER = com.telnyx.WebRTCSDK;
				PRODUCT_NAME = "$(TARGET_NAME:c99extidentifier)";
				SKIP_INSTALL = YES;
				SUPPORTS_MACCATALYST = NO;
				SWIFT_VERSION = 5.0;
				TARGETED_DEVICE_FAMILY = 1;
			};
			name = Release;
		};
		B368BED925EDDBC90032AE52 /* Debug */ = {
			isa = XCBuildConfiguration;
			baseConfigurationReference = A0472DFA1A1C7F53CFD935C0 /* Pods-WebRTCSDK-WebRTCSDKTests.debug.xcconfig */;
			buildSettings = {
				ALWAYS_EMBED_SWIFT_STANDARD_LIBRARIES = "$(inherited)";
				CODE_SIGN_STYLE = Automatic;
				INFOPLIST_FILE = WebRTCSDKTests/Info.plist;
				LD_RUNPATH_SEARCH_PATHS = (
					"$(inherited)",
					"@executable_path/Frameworks",
					"@loader_path/Frameworks",
				);
				PRODUCT_BUNDLE_IDENTIFIER = com.telnyx.WebRTCSDKTests;
				PRODUCT_NAME = "$(TARGET_NAME)";
				SWIFT_VERSION = 5.0;
				TARGETED_DEVICE_FAMILY = "1,2";
			};
			name = Debug;
		};
		B368BEDA25EDDBC90032AE52 /* Release */ = {
			isa = XCBuildConfiguration;
			baseConfigurationReference = DC9BC1EDFFF9036F8CB56E1E /* Pods-WebRTCSDK-WebRTCSDKTests.release.xcconfig */;
			buildSettings = {
				ALWAYS_EMBED_SWIFT_STANDARD_LIBRARIES = "$(inherited)";
				CODE_SIGN_STYLE = Automatic;
				INFOPLIST_FILE = WebRTCSDKTests/Info.plist;
				LD_RUNPATH_SEARCH_PATHS = (
					"$(inherited)",
					"@executable_path/Frameworks",
					"@loader_path/Frameworks",
				);
				PRODUCT_BUNDLE_IDENTIFIER = com.telnyx.WebRTCSDKTests;
				PRODUCT_NAME = "$(TARGET_NAME)";
				SWIFT_VERSION = 5.0;
				TARGETED_DEVICE_FAMILY = "1,2";
			};
			name = Release;
		};
		B368BEFA25EDDD070032AE52 /* Debug */ = {
			isa = XCBuildConfiguration;
			baseConfigurationReference = 0DC90532A56B655C65D39178 /* Pods-TelnyxWebRTCDemo.debug.xcconfig */;
			buildSettings = {
				ASSETCATALOG_COMPILER_APPICON_NAME = AppIcon;
				ASSETCATALOG_COMPILER_GLOBAL_ACCENT_COLOR_NAME = AccentColor;
				CODE_SIGN_STYLE = Automatic;
				INFOPLIST_FILE = TelnyxWebRTCDemo/Info.plist;
				LD_RUNPATH_SEARCH_PATHS = (
					"$(inherited)",
					"@executable_path/Frameworks",
				);
				PRODUCT_BUNDLE_IDENTIFIER = com.telnyx.TelnyxWebRTCDemo;
				PRODUCT_NAME = "$(TARGET_NAME)";
				SWIFT_VERSION = 5.0;
				TARGETED_DEVICE_FAMILY = 1;
			};
			name = Debug;
		};
		B368BEFB25EDDD070032AE52 /* Release */ = {
			isa = XCBuildConfiguration;
			baseConfigurationReference = 267CE692C9C5B406651B759D /* Pods-TelnyxWebRTCDemo.release.xcconfig */;
			buildSettings = {
				ASSETCATALOG_COMPILER_APPICON_NAME = AppIcon;
				ASSETCATALOG_COMPILER_GLOBAL_ACCENT_COLOR_NAME = AccentColor;
				CODE_SIGN_STYLE = Automatic;
				INFOPLIST_FILE = TelnyxWebRTCDemo/Info.plist;
				LD_RUNPATH_SEARCH_PATHS = (
					"$(inherited)",
					"@executable_path/Frameworks",
				);
				PRODUCT_BUNDLE_IDENTIFIER = com.telnyx.TelnyxWebRTCDemo;
				PRODUCT_NAME = "$(TARGET_NAME)";
				SWIFT_VERSION = 5.0;
				TARGETED_DEVICE_FAMILY = 1;
			};
			name = Release;
		};
/* End XCBuildConfiguration section */

/* Begin XCConfigurationList section */
		B368BEBA25EDDB610032AE52 /* Build configuration list for PBXProject "WebRTCSDK" */ = {
			isa = XCConfigurationList;
			buildConfigurations = (
				B368BEC625EDDB610032AE52 /* Debug */,
				B368BEC725EDDB610032AE52 /* Release */,
			);
			defaultConfigurationIsVisible = 0;
			defaultConfigurationName = Release;
		};
		B368BEC825EDDB610032AE52 /* Build configuration list for PBXNativeTarget "WebRTCSDK" */ = {
			isa = XCConfigurationList;
			buildConfigurations = (
				B368BEC925EDDB610032AE52 /* Debug */,
				B368BECA25EDDB610032AE52 /* Release */,
			);
			defaultConfigurationIsVisible = 0;
			defaultConfigurationName = Release;
		};
		B368BEDB25EDDBC90032AE52 /* Build configuration list for PBXNativeTarget "WebRTCSDKTests" */ = {
			isa = XCConfigurationList;
			buildConfigurations = (
				B368BED925EDDBC90032AE52 /* Debug */,
				B368BEDA25EDDBC90032AE52 /* Release */,
			);
			defaultConfigurationIsVisible = 0;
			defaultConfigurationName = Release;
		};
		B368BEF925EDDD070032AE52 /* Build configuration list for PBXNativeTarget "TelnyxWebRTCDemo" */ = {
			isa = XCConfigurationList;
			buildConfigurations = (
				B368BEFA25EDDD070032AE52 /* Debug */,
				B368BEFB25EDDD070032AE52 /* Release */,
			);
			defaultConfigurationIsVisible = 0;
			defaultConfigurationName = Release;
		};
/* End XCConfigurationList section */
	};
	rootObject = B368BEB725EDDB610032AE52 /* Project object */;
}
